// !$*UTF8*$!
{
	archiveVersion = 1;
	classes = {
	};
	objectVersion = 46;
	objects = {

/* Begin PBXBuildFile section */
		7F2EEC3A1B52070C00BB578B /* JSSDeal.m in Sources */ = {isa = PBXBuildFile; fileRef = 7F2EEC391B52070C00BB578B /* JSSDeal.m */; };
		7F3FAD511B520F930069C9B7 /* JSSDealCell.m in Sources */ = {isa = PBXBuildFile; fileRef = 7F3FAD501B520F930069C9B7 /* JSSDealCell.m */; };
		7F3FAD531B520FAB0069C9B7 /* JSSDealCell.xib in Resources */ = {isa = PBXBuildFile; fileRef = 7F3FAD521B520FAB0069C9B7 /* JSSDealCell.xib */; };
		7F3FAD761B5215D60069C9B7 /* MKAnnotationView+WebCache.m in Sources */ = {isa = PBXBuildFile; fileRef = 7F3FAD561B5215D60069C9B7 /* MKAnnotationView+WebCache.m */; };
		7F3FAD771B5215D60069C9B7 /* NSData+ImageContentType.m in Sources */ = {isa = PBXBuildFile; fileRef = 7F3FAD581B5215D60069C9B7 /* NSData+ImageContentType.m */; };
		7F3FAD781B5215D60069C9B7 /* SDImageCache.m in Sources */ = {isa = PBXBuildFile; fileRef = 7F3FAD5A1B5215D60069C9B7 /* SDImageCache.m */; };
		7F3FAD791B5215D60069C9B7 /* SDWebImageCompat.m in Sources */ = {isa = PBXBuildFile; fileRef = 7F3FAD5C1B5215D60069C9B7 /* SDWebImageCompat.m */; };
		7F3FAD7A1B5215D60069C9B7 /* SDWebImageDecoder.m in Sources */ = {isa = PBXBuildFile; fileRef = 7F3FAD5E1B5215D60069C9B7 /* SDWebImageDecoder.m */; };
		7F3FAD7B1B5215D60069C9B7 /* SDWebImageDownloader.m in Sources */ = {isa = PBXBuildFile; fileRef = 7F3FAD601B5215D60069C9B7 /* SDWebImageDownloader.m */; };
		7F3FAD7C1B5215D60069C9B7 /* SDWebImageDownloaderOperation.m in Sources */ = {isa = PBXBuildFile; fileRef = 7F3FAD621B5215D60069C9B7 /* SDWebImageDownloaderOperation.m */; };
		7F3FAD7D1B5215D60069C9B7 /* SDWebImageManager.m in Sources */ = {isa = PBXBuildFile; fileRef = 7F3FAD641B5215D60069C9B7 /* SDWebImageManager.m */; };
		7F3FAD7E1B5215D60069C9B7 /* SDWebImagePrefetcher.m in Sources */ = {isa = PBXBuildFile; fileRef = 7F3FAD671B5215D60069C9B7 /* SDWebImagePrefetcher.m */; };
		7F3FAD7F1B5215D60069C9B7 /* UIButton+WebCache.m in Sources */ = {isa = PBXBuildFile; fileRef = 7F3FAD691B5215D60069C9B7 /* UIButton+WebCache.m */; };
		7F3FAD801B5215D60069C9B7 /* UIImage+GIF.m in Sources */ = {isa = PBXBuildFile; fileRef = 7F3FAD6B1B5215D60069C9B7 /* UIImage+GIF.m */; };
		7F3FAD811B5215D60069C9B7 /* UIImage+MultiFormat.m in Sources */ = {isa = PBXBuildFile; fileRef = 7F3FAD6D1B5215D60069C9B7 /* UIImage+MultiFormat.m */; };
		7F3FAD821B5215D60069C9B7 /* UIImage+WebP.m in Sources */ = {isa = PBXBuildFile; fileRef = 7F3FAD6F1B5215D60069C9B7 /* UIImage+WebP.m */; };
		7F3FAD831B5215D60069C9B7 /* UIImageView+HighlightedWebCache.m in Sources */ = {isa = PBXBuildFile; fileRef = 7F3FAD711B5215D60069C9B7 /* UIImageView+HighlightedWebCache.m */; };
		7F3FAD841B5215D60069C9B7 /* UIImageView+WebCache.m in Sources */ = {isa = PBXBuildFile; fileRef = 7F3FAD731B5215D60069C9B7 /* UIImageView+WebCache.m */; };
		7F3FAD851B5215D60069C9B7 /* UIView+WebCacheOperation.m in Sources */ = {isa = PBXBuildFile; fileRef = 7F3FAD751B5215D60069C9B7 /* UIView+WebCacheOperation.m */; };
		7F3FAD8B1B523C8A0069C9B7 /* JSSListPriceLabel.m in Sources */ = {isa = PBXBuildFile; fileRef = 7F3FAD8A1B523C8A0069C9B7 /* JSSListPriceLabel.m */; };
		7F450C7F1B4F7D6100A1CBB6 /* JSSHomeController.m in Sources */ = {isa = PBXBuildFile; fileRef = 7F450C6B1B4F7D6100A1CBB6 /* JSSHomeController.m */; };
		7F450C801B4F7D6100A1CBB6 /* JSSTopView.m in Sources */ = {isa = PBXBuildFile; fileRef = 7F450C6E1B4F7D6100A1CBB6 /* JSSTopView.m */; };
		7F450C811B4F7D6100A1CBB6 /* JSSTopView.xib in Resources */ = {isa = PBXBuildFile; fileRef = 7F450C6F1B4F7D6100A1CBB6 /* JSSTopView.xib */; };
		7F450C821B4F7D6100A1CBB6 /* UIBarButtonItem+Extension.m in Sources */ = {isa = PBXBuildFile; fileRef = 7F450C731B4F7D6100A1CBB6 /* UIBarButtonItem+Extension.m */; };
		7F450C831B4F7D6100A1CBB6 /* UIView+Extension.m in Sources */ = {isa = PBXBuildFile; fileRef = 7F450C751B4F7D6100A1CBB6 /* UIView+Extension.m */; };
		7F450C841B4F7D6100A1CBB6 /* JSSNavigationController.m in Sources */ = {isa = PBXBuildFile; fileRef = 7F450C781B4F7D6100A1CBB6 /* JSSNavigationController.m */; };
		7F450C851B4F7D6100A1CBB6 /* AppDelegate.m in Sources */ = {isa = PBXBuildFile; fileRef = 7F450C7B1B4F7D6100A1CBB6 /* AppDelegate.m */; };
		7F450C861B4F7D6100A1CBB6 /* JSSConst.m in Sources */ = {isa = PBXBuildFile; fileRef = 7F450C7D1B4F7D6100A1CBB6 /* JSSConst.m */; };
		7F450C871B4F7D6100A1CBB6 /* main.m in Sources */ = {isa = PBXBuildFile; fileRef = 7F450C7E1B4F7D6100A1CBB6 /* main.m */; };
		7F450C8A1B4F7DA200A1CBB6 /* JSSDropView.m in Sources */ = {isa = PBXBuildFile; fileRef = 7F450C891B4F7DA200A1CBB6 /* JSSDropView.m */; };
		7F450C8C1B4F7DB300A1CBB6 /* JSSDropView.xib in Resources */ = {isa = PBXBuildFile; fileRef = 7F450C8B1B4F7DB300A1CBB6 /* JSSDropView.xib */; };
		7F450C901B4FAE1100A1CBB6 /* JSSCategory.m in Sources */ = {isa = PBXBuildFile; fileRef = 7F450C8F1B4FAE1100A1CBB6 /* JSSCategory.m */; };
		7F450C961B4FAFE000A1CBB6 /* categories.plist in Resources */ = {isa = PBXBuildFile; fileRef = 7F450C921B4FAFE000A1CBB6 /* categories.plist */; };
		7F450C971B4FAFE000A1CBB6 /* cities.plist in Resources */ = {isa = PBXBuildFile; fileRef = 7F450C931B4FAFE000A1CBB6 /* cities.plist */; };
		7F450C981B4FAFE000A1CBB6 /* cityGroups.plist in Resources */ = {isa = PBXBuildFile; fileRef = 7F450C941B4FAFE000A1CBB6 /* cityGroups.plist */; };
		7F450C991B4FAFE000A1CBB6 /* sorts.plist in Resources */ = {isa = PBXBuildFile; fileRef = 7F450C951B4FAFE000A1CBB6 /* sorts.plist */; };
		7F450C9B1B4FB02700A1CBB6 /* Images.xcassets in Resources */ = {isa = PBXBuildFile; fileRef = 7F450C9A1B4FB02700A1CBB6 /* Images.xcassets */; };
		7F450CB51B4FB29600A1CBB6 /* MJArgument.m in Sources */ = {isa = PBXBuildFile; fileRef = 7F450C9F1B4FB29600A1CBB6 /* MJArgument.m */; };
		7F450CB61B4FB29600A1CBB6 /* MJConst.m in Sources */ = {isa = PBXBuildFile; fileRef = 7F450CA11B4FB29600A1CBB6 /* MJConst.m */; };
		7F450CB71B4FB29600A1CBB6 /* MJFoundation.m in Sources */ = {isa = PBXBuildFile; fileRef = 7F450CA41B4FB29600A1CBB6 /* MJFoundation.m */; };
		7F450CB81B4FB29600A1CBB6 /* MJIvar.m in Sources */ = {isa = PBXBuildFile; fileRef = 7F450CA61B4FB29600A1CBB6 /* MJIvar.m */; };
		7F450CB91B4FB29600A1CBB6 /* MJMember.m in Sources */ = {isa = PBXBuildFile; fileRef = 7F450CA81B4FB29600A1CBB6 /* MJMember.m */; };
		7F450CBA1B4FB29600A1CBB6 /* MJMethod.m in Sources */ = {isa = PBXBuildFile; fileRef = 7F450CAA1B4FB29600A1CBB6 /* MJMethod.m */; };
		7F450CBB1B4FB29600A1CBB6 /* MJType.m in Sources */ = {isa = PBXBuildFile; fileRef = 7F450CAC1B4FB29600A1CBB6 /* MJType.m */; };
		7F450CBC1B4FB29600A1CBB6 /* MJTypeEncoding.m in Sources */ = {isa = PBXBuildFile; fileRef = 7F450CAE1B4FB29600A1CBB6 /* MJTypeEncoding.m */; };
		7F450CBD1B4FB29600A1CBB6 /* NSObject+MJCoding.m in Sources */ = {isa = PBXBuildFile; fileRef = 7F450CB01B4FB29600A1CBB6 /* NSObject+MJCoding.m */; };
		7F450CBE1B4FB29600A1CBB6 /* NSObject+MJKeyValue.m in Sources */ = {isa = PBXBuildFile; fileRef = 7F450CB21B4FB29600A1CBB6 /* NSObject+MJKeyValue.m */; };
		7F450CBF1B4FB29600A1CBB6 /* NSObject+MJMember.m in Sources */ = {isa = PBXBuildFile; fileRef = 7F450CB41B4FB29600A1CBB6 /* NSObject+MJMember.m */; };
		7F450CC21B4FB35E00A1CBB6 /* JSSCategoryController.m in Sources */ = {isa = PBXBuildFile; fileRef = 7F450CC11B4FB35E00A1CBB6 /* JSSCategoryController.m */; };
		7F450CC51B4FD47700A1CBB6 /* JSSMainCell.m in Sources */ = {isa = PBXBuildFile; fileRef = 7F450CC41B4FD47700A1CBB6 /* JSSMainCell.m */; };
		7F450CC81B4FD48600A1CBB6 /* JSSSubCell.m in Sources */ = {isa = PBXBuildFile; fileRef = 7F450CC71B4FD48600A1CBB6 /* JSSSubCell.m */; };
		7F450CCC1B4FF41D00A1CBB6 /* JSSDistrictController.m in Sources */ = {isa = PBXBuildFile; fileRef = 7F450CCA1B4FF41D00A1CBB6 /* JSSDistrictController.m */; };
		7F450CCD1B4FF41D00A1CBB6 /* JSSDistrictController.xib in Resources */ = {isa = PBXBuildFile; fileRef = 7F450CCB1B4FF41D00A1CBB6 /* JSSDistrictController.xib */; };
		7F450CD11B4FFDB200A1CBB6 /* JSSCityController.m in Sources */ = {isa = PBXBuildFile; fileRef = 7F450CCF1B4FFDB200A1CBB6 /* JSSCityController.m */; };
		7F450CD21B4FFDB200A1CBB6 /* JSSCityController.xib in Resources */ = {isa = PBXBuildFile; fileRef = 7F450CD01B4FFDB200A1CBB6 /* JSSCityController.xib */; };
		7F450CD51B5001ED00A1CBB6 /* JSSCityGroup.m in Sources */ = {isa = PBXBuildFile; fileRef = 7F450CD41B5001ED00A1CBB6 /* JSSCityGroup.m */; };
		7F5377561B516C9C00C2659D /* DPAPI.m in Sources */ = {isa = PBXBuildFile; fileRef = 7F5377521B516C9C00C2659D /* DPAPI.m */; };
		7F5377571B516C9C00C2659D /* DPRequest.m in Sources */ = {isa = PBXBuildFile; fileRef = 7F5377551B516C9C00C2659D /* DPRequest.m */; };
		7F5377591B516E0600C2659D /* Foundation+Log.m in Sources */ = {isa = PBXBuildFile; fileRef = 7F5377581B516E0600C2659D /* Foundation+Log.m */; };
		7F60654E1B553B81000C4C8C /* JSSDealTool.m in Sources */ = {isa = PBXBuildFile; fileRef = 7F60654D1B553B81000C4C8C /* JSSDealTool.m */; };
		7F60655B1B553CC4000C4C8C /* FMDatabase.m in Sources */ = {isa = PBXBuildFile; fileRef = 7F6065511B553CC4000C4C8C /* FMDatabase.m */; };
		7F60655C1B553CC4000C4C8C /* FMDatabaseAdditions.m in Sources */ = {isa = PBXBuildFile; fileRef = 7F6065531B553CC4000C4C8C /* FMDatabaseAdditions.m */; };
		7F60655D1B553CC4000C4C8C /* FMDatabasePool.m in Sources */ = {isa = PBXBuildFile; fileRef = 7F6065551B553CC4000C4C8C /* FMDatabasePool.m */; };
		7F60655E1B553CC4000C4C8C /* FMDatabaseQueue.m in Sources */ = {isa = PBXBuildFile; fileRef = 7F6065571B553CC4000C4C8C /* FMDatabaseQueue.m */; };
		7F60655F1B553CC4000C4C8C /* FMResultSet.m in Sources */ = {isa = PBXBuildFile; fileRef = 7F60655A1B553CC4000C4C8C /* FMResultSet.m */; };
		7F6065611B554502000C4C8C /* libsqlite3.dylib in Frameworks */ = {isa = PBXBuildFile; fileRef = 7F6065601B554502000C4C8C /* libsqlite3.dylib */; };
		7F7DBF401B56A3BB00C85517 /* UMSocialLocalizable.strings in Resources */ = {isa = PBXBuildFile; fileRef = 7F7DBF251B56A3BB00C85517 /* UMSocialLocalizable.strings */; };
		7F7DBF411B56A3BB00C85517 /* libUMSocial_Sdk_4.2.3.a in Frameworks */ = {isa = PBXBuildFile; fileRef = 7F7DBF331B56A3BB00C85517 /* libUMSocial_Sdk_4.2.3.a */; };
		7F7DBF421B56A3BB00C85517 /* libUMSocial_Sdk_Comment_4.2.3.a in Frameworks */ = {isa = PBXBuildFile; fileRef = 7F7DBF341B56A3BB00C85517 /* libUMSocial_Sdk_Comment_4.2.3.a */; };
		7F7DBF431B56A3BB00C85517 /* UMSCommentDetailController.xib in Resources */ = {isa = PBXBuildFile; fileRef = 7F7DBF361B56A3BB00C85517 /* UMSCommentDetailController.xib */; };
		7F7DBF441B56A3BB00C85517 /* UMSCommentInputController.xib in Resources */ = {isa = PBXBuildFile; fileRef = 7F7DBF371B56A3BB00C85517 /* UMSCommentInputController.xib */; };
		7F7DBF451B56A3BB00C85517 /* UMSCommentInputControlleriPad.xib in Resources */ = {isa = PBXBuildFile; fileRef = 7F7DBF381B56A3BB00C85517 /* UMSCommentInputControlleriPad.xib */; };
		7F7DBF461B56A3BB00C85517 /* UMShareEditViewController.xib in Resources */ = {isa = PBXBuildFile; fileRef = 7F7DBF391B56A3BB00C85517 /* UMShareEditViewController.xib */; };
		7F7DBF471B56A3BB00C85517 /* UMShareEditViewControlleriPad.xib in Resources */ = {isa = PBXBuildFile; fileRef = 7F7DBF3A1B56A3BB00C85517 /* UMShareEditViewControlleriPad.xib */; };
		7F7DBF481B56A3BB00C85517 /* UMSLoginViewController.xib in Resources */ = {isa = PBXBuildFile; fileRef = 7F7DBF3B1B56A3BB00C85517 /* UMSLoginViewController.xib */; };
		7F7DBF491B56A3BB00C85517 /* UMSnsAccountViewController.xib in Resources */ = {isa = PBXBuildFile; fileRef = 7F7DBF3C1B56A3BB00C85517 /* UMSnsAccountViewController.xib */; };
		7F7DBF4A1B56A3BB00C85517 /* UMSShareListController.xib in Resources */ = {isa = PBXBuildFile; fileRef = 7F7DBF3D1B56A3BB00C85517 /* UMSShareListController.xib */; };
		7F7DBF4B1B56A3BB00C85517 /* UMSocialSDKResourcesNew.bundle in Resources */ = {isa = PBXBuildFile; fileRef = 7F7DBF3E1B56A3BB00C85517 /* UMSocialSDKResourcesNew.bundle */; };
		7F7DBF4D1B56A68D00C85517 /* SystemConfiguration.framework in Frameworks */ = {isa = PBXBuildFile; fileRef = 7F7DBF4C1B56A68D00C85517 /* SystemConfiguration.framework */; };
		7F80A6561B52688200A6F94C /* MJRefresh.bundle in Resources */ = {isa = PBXBuildFile; fileRef = 7F80A6461B52688200A6F94C /* MJRefresh.bundle */; };
		7F80A6571B52688200A6F94C /* MJRefreshBaseView.m in Sources */ = {isa = PBXBuildFile; fileRef = 7F80A6491B52688200A6F94C /* MJRefreshBaseView.m */; };
		7F80A6581B52688200A6F94C /* MJRefreshConst.m in Sources */ = {isa = PBXBuildFile; fileRef = 7F80A64B1B52688200A6F94C /* MJRefreshConst.m */; };
		7F80A6591B52688200A6F94C /* MJRefreshFooterView.m in Sources */ = {isa = PBXBuildFile; fileRef = 7F80A64D1B52688200A6F94C /* MJRefreshFooterView.m */; };
		7F80A65A1B52688200A6F94C /* MJRefreshHeaderView.m in Sources */ = {isa = PBXBuildFile; fileRef = 7F80A64F1B52688200A6F94C /* MJRefreshHeaderView.m */; };
		7F80A65B1B52688200A6F94C /* UIScrollView+MJExtension.m in Sources */ = {isa = PBXBuildFile; fileRef = 7F80A6511B52688200A6F94C /* UIScrollView+MJExtension.m */; };
		7F80A65C1B52688200A6F94C /* UIScrollView+MJRefresh.m in Sources */ = {isa = PBXBuildFile; fileRef = 7F80A6531B52688200A6F94C /* UIScrollView+MJRefresh.m */; };
		7F80A65D1B52688200A6F94C /* UIView+MJExtension.m in Sources */ = {isa = PBXBuildFile; fileRef = 7F80A6551B52688200A6F94C /* UIView+MJExtension.m */; };
		7F80A6641B526A8100A6F94C /* MBProgressHUD+MJ.m in Sources */ = {isa = PBXBuildFile; fileRef = 7F80A6601B526A8100A6F94C /* MBProgressHUD+MJ.m */; };
		7F80A6651B526A8100A6F94C /* MBProgressHUD.bundle in Resources */ = {isa = PBXBuildFile; fileRef = 7F80A6611B526A8100A6F94C /* MBProgressHUD.bundle */; };
		7F80A6661B526A8100A6F94C /* MBProgressHUD.m in Sources */ = {isa = PBXBuildFile; fileRef = 7F80A6631B526A8100A6F94C /* MBProgressHUD.m */; };
		7F8FFB551B55021D00D1ED2E /* JSSRestrictions.m in Sources */ = {isa = PBXBuildFile; fileRef = 7F8FFB541B55021D00D1ED2E /* JSSRestrictions.m */; };
		7F9266821B52A16900E4ED79 /* JSSDealsViewController.m in Sources */ = {isa = PBXBuildFile; fileRef = 7F9266811B52A16900E4ED79 /* JSSDealsViewController.m */; };
		7F9C36B61B53D0C600DC119D /* JSSCollectViewController.m in Sources */ = {isa = PBXBuildFile; fileRef = 7F9C36B51B53D0C600DC119D /* JSSCollectViewController.m */; };
		7F9C36B91B53D0D000DC119D /* JSSRecentViewController.m in Sources */ = {isa = PBXBuildFile; fileRef = 7F9C36B81B53D0D000DC119D /* JSSRecentViewController.m */; };
		7F9C36BE1B53D2E800DC119D /* JSSDetailViewController.m in Sources */ = {isa = PBXBuildFile; fileRef = 7F9C36BD1B53D2E800DC119D /* JSSDetailViewController.m */; };
		7F9C36C01B53D2F500DC119D /* JSSDetailViewController.xib in Resources */ = {isa = PBXBuildFile; fileRef = 7F9C36BF1B53D2F500DC119D /* JSSDetailViewController.xib */; };
		7FBB1F461B538DB9003A1BB3 /* AwesomeMenu.m in Sources */ = {isa = PBXBuildFile; fileRef = 7FBB1F431B538DB9003A1BB3 /* AwesomeMenu.m */; };
		7FBB1F471B538DB9003A1BB3 /* AwesomeMenuItem.m in Sources */ = {isa = PBXBuildFile; fileRef = 7FBB1F451B538DB9003A1BB3 /* AwesomeMenuItem.m */; };
		7FCA62491B57F65700594B35 /* JSSSearchViewController.m in Sources */ = {isa = PBXBuildFile; fileRef = 7FCA62481B57F65700594B35 /* JSSSearchViewController.m */; };
		7FE06D451B4F55BE006403F3 /* ____HDTests.m in Sources */ = {isa = PBXBuildFile; fileRef = 7FE06D441B4F55BE006403F3 /* ____HDTests.m */; };
		7FFA0BE91B50C0DB00DEA357 /* JSSSearchController.m in Sources */ = {isa = PBXBuildFile; fileRef = 7FFA0BE81B50C0DB00DEA357 /* JSSSearchController.m */; };
		7FFA0BEC1B50C18D00DEA357 /* UIView+AutoLayout.m in Sources */ = {isa = PBXBuildFile; fileRef = 7FFA0BEB1B50C18D00DEA357 /* UIView+AutoLayout.m */; };
		7FFA0BEF1B50EF1900DEA357 /* JSSCity.m in Sources */ = {isa = PBXBuildFile; fileRef = 7FFA0BEE1B50EF1900DEA357 /* JSSCity.m */; };
		7FFA0BF21B50EFE600DEA357 /* JSSRegion.m in Sources */ = {isa = PBXBuildFile; fileRef = 7FFA0BF11B50EFE600DEA357 /* JSSRegion.m */; };
		7FFA0BF61B51118100DEA357 /* JSSMetaTool.m in Sources */ = {isa = PBXBuildFile; fileRef = 7FFA0BF51B51118100DEA357 /* JSSMetaTool.m */; };
		7FFA0BF91B51308F00DEA357 /* JSSSort.m in Sources */ = {isa = PBXBuildFile; fileRef = 7FFA0BF81B51308F00DEA357 /* JSSSort.m */; };
		7FFA0BFC1B5131CE00DEA357 /* JSSSortController.m in Sources */ = {isa = PBXBuildFile; fileRef = 7FFA0BFB1B5131CE00DEA357 /* JSSSortController.m */; };
/* End PBXBuildFile section */

/* Begin PBXContainerItemProxy section */
		7FE06D3F1B4F55BE006403F3 /* PBXContainerItemProxy */ = {
			isa = PBXContainerItemProxy;
			containerPortal = 7FE06D1D1B4F55BE006403F3 /* Project object */;
			proxyType = 1;
			remoteGlobalIDString = 7FE06D241B4F55BE006403F3;
			remoteInfo = "高仿美团HD";
		};
/* End PBXContainerItemProxy section */

/* Begin PBXFileReference section */
		7F2EEC381B52070C00BB578B /* JSSDeal.h */ = {isa = PBXFileReference; fileEncoding = 4; lastKnownFileType = sourcecode.c.h; path = JSSDeal.h; sourceTree = "<group>"; };
		7F2EEC391B52070C00BB578B /* JSSDeal.m */ = {isa = PBXFileReference; fileEncoding = 4; lastKnownFileType = sourcecode.c.objc; path = JSSDeal.m; sourceTree = "<group>"; };
		7F3FAD4F1B520F930069C9B7 /* JSSDealCell.h */ = {isa = PBXFileReference; fileEncoding = 4; lastKnownFileType = sourcecode.c.h; path = JSSDealCell.h; sourceTree = "<group>"; };
		7F3FAD501B520F930069C9B7 /* JSSDealCell.m */ = {isa = PBXFileReference; fileEncoding = 4; lastKnownFileType = sourcecode.c.objc; path = JSSDealCell.m; sourceTree = "<group>"; };
		7F3FAD521B520FAB0069C9B7 /* JSSDealCell.xib */ = {isa = PBXFileReference; fileEncoding = 4; lastKnownFileType = file.xib; path = JSSDealCell.xib; sourceTree = "<group>"; };
		7F3FAD551B5215D60069C9B7 /* MKAnnotationView+WebCache.h */ = {isa = PBXFileReference; fileEncoding = 4; lastKnownFileType = sourcecode.c.h; path = "MKAnnotationView+WebCache.h"; sourceTree = "<group>"; };
		7F3FAD561B5215D60069C9B7 /* MKAnnotationView+WebCache.m */ = {isa = PBXFileReference; fileEncoding = 4; lastKnownFileType = sourcecode.c.objc; path = "MKAnnotationView+WebCache.m"; sourceTree = "<group>"; };
		7F3FAD571B5215D60069C9B7 /* NSData+ImageContentType.h */ = {isa = PBXFileReference; fileEncoding = 4; lastKnownFileType = sourcecode.c.h; path = "NSData+ImageContentType.h"; sourceTree = "<group>"; };
		7F3FAD581B5215D60069C9B7 /* NSData+ImageContentType.m */ = {isa = PBXFileReference; fileEncoding = 4; lastKnownFileType = sourcecode.c.objc; path = "NSData+ImageContentType.m"; sourceTree = "<group>"; };
		7F3FAD591B5215D60069C9B7 /* SDImageCache.h */ = {isa = PBXFileReference; fileEncoding = 4; lastKnownFileType = sourcecode.c.h; path = SDImageCache.h; sourceTree = "<group>"; };
		7F3FAD5A1B5215D60069C9B7 /* SDImageCache.m */ = {isa = PBXFileReference; fileEncoding = 4; lastKnownFileType = sourcecode.c.objc; path = SDImageCache.m; sourceTree = "<group>"; };
		7F3FAD5B1B5215D60069C9B7 /* SDWebImageCompat.h */ = {isa = PBXFileReference; fileEncoding = 4; lastKnownFileType = sourcecode.c.h; path = SDWebImageCompat.h; sourceTree = "<group>"; };
		7F3FAD5C1B5215D60069C9B7 /* SDWebImageCompat.m */ = {isa = PBXFileReference; fileEncoding = 4; lastKnownFileType = sourcecode.c.objc; path = SDWebImageCompat.m; sourceTree = "<group>"; };
		7F3FAD5D1B5215D60069C9B7 /* SDWebImageDecoder.h */ = {isa = PBXFileReference; fileEncoding = 4; lastKnownFileType = sourcecode.c.h; path = SDWebImageDecoder.h; sourceTree = "<group>"; };
		7F3FAD5E1B5215D60069C9B7 /* SDWebImageDecoder.m */ = {isa = PBXFileReference; fileEncoding = 4; lastKnownFileType = sourcecode.c.objc; path = SDWebImageDecoder.m; sourceTree = "<group>"; };
		7F3FAD5F1B5215D60069C9B7 /* SDWebImageDownloader.h */ = {isa = PBXFileReference; fileEncoding = 4; lastKnownFileType = sourcecode.c.h; path = SDWebImageDownloader.h; sourceTree = "<group>"; };
		7F3FAD601B5215D60069C9B7 /* SDWebImageDownloader.m */ = {isa = PBXFileReference; fileEncoding = 4; lastKnownFileType = sourcecode.c.objc; path = SDWebImageDownloader.m; sourceTree = "<group>"; };
		7F3FAD611B5215D60069C9B7 /* SDWebImageDownloaderOperation.h */ = {isa = PBXFileReference; fileEncoding = 4; lastKnownFileType = sourcecode.c.h; path = SDWebImageDownloaderOperation.h; sourceTree = "<group>"; };
		7F3FAD621B5215D60069C9B7 /* SDWebImageDownloaderOperation.m */ = {isa = PBXFileReference; fileEncoding = 4; lastKnownFileType = sourcecode.c.objc; path = SDWebImageDownloaderOperation.m; sourceTree = "<group>"; };
		7F3FAD631B5215D60069C9B7 /* SDWebImageManager.h */ = {isa = PBXFileReference; fileEncoding = 4; lastKnownFileType = sourcecode.c.h; path = SDWebImageManager.h; sourceTree = "<group>"; };
		7F3FAD641B5215D60069C9B7 /* SDWebImageManager.m */ = {isa = PBXFileReference; fileEncoding = 4; lastKnownFileType = sourcecode.c.objc; path = SDWebImageManager.m; sourceTree = "<group>"; };
		7F3FAD651B5215D60069C9B7 /* SDWebImageOperation.h */ = {isa = PBXFileReference; fileEncoding = 4; lastKnownFileType = sourcecode.c.h; path = SDWebImageOperation.h; sourceTree = "<group>"; };
		7F3FAD661B5215D60069C9B7 /* SDWebImagePrefetcher.h */ = {isa = PBXFileReference; fileEncoding = 4; lastKnownFileType = sourcecode.c.h; path = SDWebImagePrefetcher.h; sourceTree = "<group>"; };
		7F3FAD671B5215D60069C9B7 /* SDWebImagePrefetcher.m */ = {isa = PBXFileReference; fileEncoding = 4; lastKnownFileType = sourcecode.c.objc; path = SDWebImagePrefetcher.m; sourceTree = "<group>"; };
		7F3FAD681B5215D60069C9B7 /* UIButton+WebCache.h */ = {isa = PBXFileReference; fileEncoding = 4; lastKnownFileType = sourcecode.c.h; path = "UIButton+WebCache.h"; sourceTree = "<group>"; };
		7F3FAD691B5215D60069C9B7 /* UIButton+WebCache.m */ = {isa = PBXFileReference; fileEncoding = 4; lastKnownFileType = sourcecode.c.objc; path = "UIButton+WebCache.m"; sourceTree = "<group>"; };
		7F3FAD6A1B5215D60069C9B7 /* UIImage+GIF.h */ = {isa = PBXFileReference; fileEncoding = 4; lastKnownFileType = sourcecode.c.h; path = "UIImage+GIF.h"; sourceTree = "<group>"; };
		7F3FAD6B1B5215D60069C9B7 /* UIImage+GIF.m */ = {isa = PBXFileReference; fileEncoding = 4; lastKnownFileType = sourcecode.c.objc; path = "UIImage+GIF.m"; sourceTree = "<group>"; };
		7F3FAD6C1B5215D60069C9B7 /* UIImage+MultiFormat.h */ = {isa = PBXFileReference; fileEncoding = 4; lastKnownFileType = sourcecode.c.h; path = "UIImage+MultiFormat.h"; sourceTree = "<group>"; };
		7F3FAD6D1B5215D60069C9B7 /* UIImage+MultiFormat.m */ = {isa = PBXFileReference; fileEncoding = 4; lastKnownFileType = sourcecode.c.objc; path = "UIImage+MultiFormat.m"; sourceTree = "<group>"; };
		7F3FAD6E1B5215D60069C9B7 /* UIImage+WebP.h */ = {isa = PBXFileReference; fileEncoding = 4; lastKnownFileType = sourcecode.c.h; path = "UIImage+WebP.h"; sourceTree = "<group>"; };
		7F3FAD6F1B5215D60069C9B7 /* UIImage+WebP.m */ = {isa = PBXFileReference; fileEncoding = 4; lastKnownFileType = sourcecode.c.objc; path = "UIImage+WebP.m"; sourceTree = "<group>"; };
		7F3FAD701B5215D60069C9B7 /* UIImageView+HighlightedWebCache.h */ = {isa = PBXFileReference; fileEncoding = 4; lastKnownFileType = sourcecode.c.h; path = "UIImageView+HighlightedWebCache.h"; sourceTree = "<group>"; };
		7F3FAD711B5215D60069C9B7 /* UIImageView+HighlightedWebCache.m */ = {isa = PBXFileReference; fileEncoding = 4; lastKnownFileType = sourcecode.c.objc; path = "UIImageView+HighlightedWebCache.m"; sourceTree = "<group>"; };
		7F3FAD721B5215D60069C9B7 /* UIImageView+WebCache.h */ = {isa = PBXFileReference; fileEncoding = 4; lastKnownFileType = sourcecode.c.h; path = "UIImageView+WebCache.h"; sourceTree = "<group>"; };
		7F3FAD731B5215D60069C9B7 /* UIImageView+WebCache.m */ = {isa = PBXFileReference; fileEncoding = 4; lastKnownFileType = sourcecode.c.objc; path = "UIImageView+WebCache.m"; sourceTree = "<group>"; };
		7F3FAD741B5215D60069C9B7 /* UIView+WebCacheOperation.h */ = {isa = PBXFileReference; fileEncoding = 4; lastKnownFileType = sourcecode.c.h; path = "UIView+WebCacheOperation.h"; sourceTree = "<group>"; };
		7F3FAD751B5215D60069C9B7 /* UIView+WebCacheOperation.m */ = {isa = PBXFileReference; fileEncoding = 4; lastKnownFileType = sourcecode.c.objc; path = "UIView+WebCacheOperation.m"; sourceTree = "<group>"; };
		7F3FAD891B523C8A0069C9B7 /* JSSListPriceLabel.h */ = {isa = PBXFileReference; fileEncoding = 4; lastKnownFileType = sourcecode.c.h; path = JSSListPriceLabel.h; sourceTree = "<group>"; };
		7F3FAD8A1B523C8A0069C9B7 /* JSSListPriceLabel.m */ = {isa = PBXFileReference; fileEncoding = 4; lastKnownFileType = sourcecode.c.objc; path = JSSListPriceLabel.m; sourceTree = "<group>"; };
		7F450C6A1B4F7D6100A1CBB6 /* JSSHomeController.h */ = {isa = PBXFileReference; fileEncoding = 4; lastKnownFileType = sourcecode.c.h; path = JSSHomeController.h; sourceTree = "<group>"; };
		7F450C6B1B4F7D6100A1CBB6 /* JSSHomeController.m */ = {isa = PBXFileReference; fileEncoding = 4; lastKnownFileType = sourcecode.c.objc; path = JSSHomeController.m; sourceTree = "<group>"; };
		7F450C6D1B4F7D6100A1CBB6 /* JSSTopView.h */ = {isa = PBXFileReference; fileEncoding = 4; lastKnownFileType = sourcecode.c.h; path = JSSTopView.h; sourceTree = "<group>"; };
		7F450C6E1B4F7D6100A1CBB6 /* JSSTopView.m */ = {isa = PBXFileReference; fileEncoding = 4; lastKnownFileType = sourcecode.c.objc; path = JSSTopView.m; sourceTree = "<group>"; };
		7F450C6F1B4F7D6100A1CBB6 /* JSSTopView.xib */ = {isa = PBXFileReference; fileEncoding = 4; lastKnownFileType = file.xib; path = JSSTopView.xib; sourceTree = "<group>"; };
		7F450C721B4F7D6100A1CBB6 /* UIBarButtonItem+Extension.h */ = {isa = PBXFileReference; fileEncoding = 4; lastKnownFileType = sourcecode.c.h; path = "UIBarButtonItem+Extension.h"; sourceTree = "<group>"; };
		7F450C731B4F7D6100A1CBB6 /* UIBarButtonItem+Extension.m */ = {isa = PBXFileReference; fileEncoding = 4; lastKnownFileType = sourcecode.c.objc; path = "UIBarButtonItem+Extension.m"; sourceTree = "<group>"; };
		7F450C741B4F7D6100A1CBB6 /* UIView+Extension.h */ = {isa = PBXFileReference; fileEncoding = 4; lastKnownFileType = sourcecode.c.h; path = "UIView+Extension.h"; sourceTree = "<group>"; };
		7F450C751B4F7D6100A1CBB6 /* UIView+Extension.m */ = {isa = PBXFileReference; fileEncoding = 4; lastKnownFileType = sourcecode.c.objc; path = "UIView+Extension.m"; sourceTree = "<group>"; };
		7F450C771B4F7D6100A1CBB6 /* JSSNavigationController.h */ = {isa = PBXFileReference; fileEncoding = 4; lastKnownFileType = sourcecode.c.h; path = JSSNavigationController.h; sourceTree = "<group>"; };
		7F450C781B4F7D6100A1CBB6 /* JSSNavigationController.m */ = {isa = PBXFileReference; fileEncoding = 4; lastKnownFileType = sourcecode.c.objc; path = JSSNavigationController.m; sourceTree = "<group>"; };
		7F450C7A1B4F7D6100A1CBB6 /* AppDelegate.h */ = {isa = PBXFileReference; fileEncoding = 4; lastKnownFileType = sourcecode.c.h; path = AppDelegate.h; sourceTree = "<group>"; };
		7F450C7B1B4F7D6100A1CBB6 /* AppDelegate.m */ = {isa = PBXFileReference; fileEncoding = 4; lastKnownFileType = sourcecode.c.objc; path = AppDelegate.m; sourceTree = "<group>"; };
		7F450C7C1B4F7D6100A1CBB6 /* JSSConst.h */ = {isa = PBXFileReference; fileEncoding = 4; lastKnownFileType = sourcecode.c.h; path = JSSConst.h; sourceTree = "<group>"; };
		7F450C7D1B4F7D6100A1CBB6 /* JSSConst.m */ = {isa = PBXFileReference; fileEncoding = 4; lastKnownFileType = sourcecode.c.objc; path = JSSConst.m; sourceTree = "<group>"; };
		7F450C7E1B4F7D6100A1CBB6 /* main.m */ = {isa = PBXFileReference; fileEncoding = 4; lastKnownFileType = sourcecode.c.objc; path = main.m; sourceTree = "<group>"; };
		7F450C881B4F7DA200A1CBB6 /* JSSDropView.h */ = {isa = PBXFileReference; fileEncoding = 4; lastKnownFileType = sourcecode.c.h; path = JSSDropView.h; sourceTree = "<group>"; };
		7F450C891B4F7DA200A1CBB6 /* JSSDropView.m */ = {isa = PBXFileReference; fileEncoding = 4; lastKnownFileType = sourcecode.c.objc; path = JSSDropView.m; sourceTree = "<group>"; };
		7F450C8B1B4F7DB300A1CBB6 /* JSSDropView.xib */ = {isa = PBXFileReference; fileEncoding = 4; lastKnownFileType = file.xib; path = JSSDropView.xib; sourceTree = "<group>"; };
		7F450C8E1B4FAE1100A1CBB6 /* JSSCategory.h */ = {isa = PBXFileReference; fileEncoding = 4; lastKnownFileType = sourcecode.c.h; path = JSSCategory.h; sourceTree = "<group>"; };
		7F450C8F1B4FAE1100A1CBB6 /* JSSCategory.m */ = {isa = PBXFileReference; fileEncoding = 4; lastKnownFileType = sourcecode.c.objc; path = JSSCategory.m; sourceTree = "<group>"; };
		7F450C921B4FAFE000A1CBB6 /* categories.plist */ = {isa = PBXFileReference; fileEncoding = 4; lastKnownFileType = text.plist.xml; path = categories.plist; sourceTree = "<group>"; };
		7F450C931B4FAFE000A1CBB6 /* cities.plist */ = {isa = PBXFileReference; fileEncoding = 4; lastKnownFileType = text.plist.xml; path = cities.plist; sourceTree = "<group>"; };
		7F450C941B4FAFE000A1CBB6 /* cityGroups.plist */ = {isa = PBXFileReference; fileEncoding = 4; lastKnownFileType = text.plist.xml; path = cityGroups.plist; sourceTree = "<group>"; };
		7F450C951B4FAFE000A1CBB6 /* sorts.plist */ = {isa = PBXFileReference; fileEncoding = 4; lastKnownFileType = text.plist.xml; path = sorts.plist; sourceTree = "<group>"; };
		7F450C9A1B4FB02700A1CBB6 /* Images.xcassets */ = {isa = PBXFileReference; lastKnownFileType = folder.assetcatalog; path = Images.xcassets; sourceTree = "<group>"; };
		7F450C9E1B4FB29600A1CBB6 /* MJArgument.h */ = {isa = PBXFileReference; fileEncoding = 4; lastKnownFileType = sourcecode.c.h; path = MJArgument.h; sourceTree = "<group>"; };
		7F450C9F1B4FB29600A1CBB6 /* MJArgument.m */ = {isa = PBXFileReference; fileEncoding = 4; lastKnownFileType = sourcecode.c.objc; path = MJArgument.m; sourceTree = "<group>"; };
		7F450CA01B4FB29600A1CBB6 /* MJConst.h */ = {isa = PBXFileReference; fileEncoding = 4; lastKnownFileType = sourcecode.c.h; path = MJConst.h; sourceTree = "<group>"; };
		7F450CA11B4FB29600A1CBB6 /* MJConst.m */ = {isa = PBXFileReference; fileEncoding = 4; lastKnownFileType = sourcecode.c.objc; path = MJConst.m; sourceTree = "<group>"; };
		7F450CA21B4FB29600A1CBB6 /* MJExtension.h */ = {isa = PBXFileReference; fileEncoding = 4; lastKnownFileType = sourcecode.c.h; path = MJExtension.h; sourceTree = "<group>"; };
		7F450CA31B4FB29600A1CBB6 /* MJFoundation.h */ = {isa = PBXFileReference; fileEncoding = 4; lastKnownFileType = sourcecode.c.h; path = MJFoundation.h; sourceTree = "<group>"; };
		7F450CA41B4FB29600A1CBB6 /* MJFoundation.m */ = {isa = PBXFileReference; fileEncoding = 4; lastKnownFileType = sourcecode.c.objc; path = MJFoundation.m; sourceTree = "<group>"; };
		7F450CA51B4FB29600A1CBB6 /* MJIvar.h */ = {isa = PBXFileReference; fileEncoding = 4; lastKnownFileType = sourcecode.c.h; path = MJIvar.h; sourceTree = "<group>"; };
		7F450CA61B4FB29600A1CBB6 /* MJIvar.m */ = {isa = PBXFileReference; fileEncoding = 4; lastKnownFileType = sourcecode.c.objc; path = MJIvar.m; sourceTree = "<group>"; };
		7F450CA71B4FB29600A1CBB6 /* MJMember.h */ = {isa = PBXFileReference; fileEncoding = 4; lastKnownFileType = sourcecode.c.h; path = MJMember.h; sourceTree = "<group>"; };
		7F450CA81B4FB29600A1CBB6 /* MJMember.m */ = {isa = PBXFileReference; fileEncoding = 4; lastKnownFileType = sourcecode.c.objc; path = MJMember.m; sourceTree = "<group>"; };
		7F450CA91B4FB29600A1CBB6 /* MJMethod.h */ = {isa = PBXFileReference; fileEncoding = 4; lastKnownFileType = sourcecode.c.h; path = MJMethod.h; sourceTree = "<group>"; };
		7F450CAA1B4FB29600A1CBB6 /* MJMethod.m */ = {isa = PBXFileReference; fileEncoding = 4; lastKnownFileType = sourcecode.c.objc; path = MJMethod.m; sourceTree = "<group>"; };
		7F450CAB1B4FB29600A1CBB6 /* MJType.h */ = {isa = PBXFileReference; fileEncoding = 4; lastKnownFileType = sourcecode.c.h; path = MJType.h; sourceTree = "<group>"; };
		7F450CAC1B4FB29600A1CBB6 /* MJType.m */ = {isa = PBXFileReference; fileEncoding = 4; lastKnownFileType = sourcecode.c.objc; path = MJType.m; sourceTree = "<group>"; };
		7F450CAD1B4FB29600A1CBB6 /* MJTypeEncoding.h */ = {isa = PBXFileReference; fileEncoding = 4; lastKnownFileType = sourcecode.c.h; path = MJTypeEncoding.h; sourceTree = "<group>"; };
		7F450CAE1B4FB29600A1CBB6 /* MJTypeEncoding.m */ = {isa = PBXFileReference; fileEncoding = 4; lastKnownFileType = sourcecode.c.objc; path = MJTypeEncoding.m; sourceTree = "<group>"; };
		7F450CAF1B4FB29600A1CBB6 /* NSObject+MJCoding.h */ = {isa = PBXFileReference; fileEncoding = 4; lastKnownFileType = sourcecode.c.h; path = "NSObject+MJCoding.h"; sourceTree = "<group>"; };
		7F450CB01B4FB29600A1CBB6 /* NSObject+MJCoding.m */ = {isa = PBXFileReference; fileEncoding = 4; lastKnownFileType = sourcecode.c.objc; path = "NSObject+MJCoding.m"; sourceTree = "<group>"; };
		7F450CB11B4FB29600A1CBB6 /* NSObject+MJKeyValue.h */ = {isa = PBXFileReference; fileEncoding = 4; lastKnownFileType = sourcecode.c.h; path = "NSObject+MJKeyValue.h"; sourceTree = "<group>"; };
		7F450CB21B4FB29600A1CBB6 /* NSObject+MJKeyValue.m */ = {isa = PBXFileReference; fileEncoding = 4; lastKnownFileType = sourcecode.c.objc; path = "NSObject+MJKeyValue.m"; sourceTree = "<group>"; };
		7F450CB31B4FB29600A1CBB6 /* NSObject+MJMember.h */ = {isa = PBXFileReference; fileEncoding = 4; lastKnownFileType = sourcecode.c.h; path = "NSObject+MJMember.h"; sourceTree = "<group>"; };
		7F450CB41B4FB29600A1CBB6 /* NSObject+MJMember.m */ = {isa = PBXFileReference; fileEncoding = 4; lastKnownFileType = sourcecode.c.objc; path = "NSObject+MJMember.m"; sourceTree = "<group>"; };
		7F450CC01B4FB35E00A1CBB6 /* JSSCategoryController.h */ = {isa = PBXFileReference; fileEncoding = 4; lastKnownFileType = sourcecode.c.h; path = JSSCategoryController.h; sourceTree = "<group>"; };
		7F450CC11B4FB35E00A1CBB6 /* JSSCategoryController.m */ = {isa = PBXFileReference; fileEncoding = 4; lastKnownFileType = sourcecode.c.objc; path = JSSCategoryController.m; sourceTree = "<group>"; };
		7F450CC31B4FD47700A1CBB6 /* JSSMainCell.h */ = {isa = PBXFileReference; fileEncoding = 4; lastKnownFileType = sourcecode.c.h; path = JSSMainCell.h; sourceTree = "<group>"; };
		7F450CC41B4FD47700A1CBB6 /* JSSMainCell.m */ = {isa = PBXFileReference; fileEncoding = 4; lastKnownFileType = sourcecode.c.objc; path = JSSMainCell.m; sourceTree = "<group>"; };
		7F450CC61B4FD48600A1CBB6 /* JSSSubCell.h */ = {isa = PBXFileReference; fileEncoding = 4; lastKnownFileType = sourcecode.c.h; path = JSSSubCell.h; sourceTree = "<group>"; };
		7F450CC71B4FD48600A1CBB6 /* JSSSubCell.m */ = {isa = PBXFileReference; fileEncoding = 4; lastKnownFileType = sourcecode.c.objc; path = JSSSubCell.m; sourceTree = "<group>"; };
		7F450CC91B4FF41D00A1CBB6 /* JSSDistrictController.h */ = {isa = PBXFileReference; fileEncoding = 4; lastKnownFileType = sourcecode.c.h; path = JSSDistrictController.h; sourceTree = "<group>"; };
		7F450CCA1B4FF41D00A1CBB6 /* JSSDistrictController.m */ = {isa = PBXFileReference; fileEncoding = 4; lastKnownFileType = sourcecode.c.objc; path = JSSDistrictController.m; sourceTree = "<group>"; };
		7F450CCB1B4FF41D00A1CBB6 /* JSSDistrictController.xib */ = {isa = PBXFileReference; fileEncoding = 4; lastKnownFileType = file.xib; path = JSSDistrictController.xib; sourceTree = "<group>"; };
		7F450CCE1B4FFDB200A1CBB6 /* JSSCityController.h */ = {isa = PBXFileReference; fileEncoding = 4; lastKnownFileType = sourcecode.c.h; path = JSSCityController.h; sourceTree = "<group>"; };
		7F450CCF1B4FFDB200A1CBB6 /* JSSCityController.m */ = {isa = PBXFileReference; fileEncoding = 4; lastKnownFileType = sourcecode.c.objc; path = JSSCityController.m; sourceTree = "<group>"; };
		7F450CD01B4FFDB200A1CBB6 /* JSSCityController.xib */ = {isa = PBXFileReference; fileEncoding = 4; lastKnownFileType = file.xib; path = JSSCityController.xib; sourceTree = "<group>"; };
		7F450CD31B5001ED00A1CBB6 /* JSSCityGroup.h */ = {isa = PBXFileReference; fileEncoding = 4; lastKnownFileType = sourcecode.c.h; path = JSSCityGroup.h; sourceTree = "<group>"; };
		7F450CD41B5001ED00A1CBB6 /* JSSCityGroup.m */ = {isa = PBXFileReference; fileEncoding = 4; lastKnownFileType = sourcecode.c.objc; path = JSSCityGroup.m; sourceTree = "<group>"; };
		7F5377511B516C9C00C2659D /* DPAPI.h */ = {isa = PBXFileReference; fileEncoding = 4; lastKnownFileType = sourcecode.c.h; path = DPAPI.h; sourceTree = "<group>"; };
		7F5377521B516C9C00C2659D /* DPAPI.m */ = {isa = PBXFileReference; fileEncoding = 4; lastKnownFileType = sourcecode.c.objc; path = DPAPI.m; sourceTree = "<group>"; };
		7F5377531B516C9C00C2659D /* DPConstants.h */ = {isa = PBXFileReference; fileEncoding = 4; lastKnownFileType = sourcecode.c.h; path = DPConstants.h; sourceTree = "<group>"; };
		7F5377541B516C9C00C2659D /* DPRequest.h */ = {isa = PBXFileReference; fileEncoding = 4; lastKnownFileType = sourcecode.c.h; path = DPRequest.h; sourceTree = "<group>"; };
		7F5377551B516C9C00C2659D /* DPRequest.m */ = {isa = PBXFileReference; fileEncoding = 4; lastKnownFileType = sourcecode.c.objc; path = DPRequest.m; sourceTree = "<group>"; };
		7F5377581B516E0600C2659D /* Foundation+Log.m */ = {isa = PBXFileReference; fileEncoding = 4; lastKnownFileType = sourcecode.c.objc; path = "Foundation+Log.m"; sourceTree = "<group>"; };
		7F60654C1B553B81000C4C8C /* JSSDealTool.h */ = {isa = PBXFileReference; fileEncoding = 4; lastKnownFileType = sourcecode.c.h; path = JSSDealTool.h; sourceTree = "<group>"; };
		7F60654D1B553B81000C4C8C /* JSSDealTool.m */ = {isa = PBXFileReference; fileEncoding = 4; lastKnownFileType = sourcecode.c.objc; path = JSSDealTool.m; sourceTree = "<group>"; };
		7F6065501B553CC4000C4C8C /* FMDatabase.h */ = {isa = PBXFileReference; fileEncoding = 4; lastKnownFileType = sourcecode.c.h; path = FMDatabase.h; sourceTree = "<group>"; };
		7F6065511B553CC4000C4C8C /* FMDatabase.m */ = {isa = PBXFileReference; fileEncoding = 4; lastKnownFileType = sourcecode.c.objc; path = FMDatabase.m; sourceTree = "<group>"; };
		7F6065521B553CC4000C4C8C /* FMDatabaseAdditions.h */ = {isa = PBXFileReference; fileEncoding = 4; lastKnownFileType = sourcecode.c.h; path = FMDatabaseAdditions.h; sourceTree = "<group>"; };
		7F6065531B553CC4000C4C8C /* FMDatabaseAdditions.m */ = {isa = PBXFileReference; fileEncoding = 4; lastKnownFileType = sourcecode.c.objc; path = FMDatabaseAdditions.m; sourceTree = "<group>"; };
		7F6065541B553CC4000C4C8C /* FMDatabasePool.h */ = {isa = PBXFileReference; fileEncoding = 4; lastKnownFileType = sourcecode.c.h; path = FMDatabasePool.h; sourceTree = "<group>"; };
		7F6065551B553CC4000C4C8C /* FMDatabasePool.m */ = {isa = PBXFileReference; fileEncoding = 4; lastKnownFileType = sourcecode.c.objc; path = FMDatabasePool.m; sourceTree = "<group>"; };
		7F6065561B553CC4000C4C8C /* FMDatabaseQueue.h */ = {isa = PBXFileReference; fileEncoding = 4; lastKnownFileType = sourcecode.c.h; path = FMDatabaseQueue.h; sourceTree = "<group>"; };
		7F6065571B553CC4000C4C8C /* FMDatabaseQueue.m */ = {isa = PBXFileReference; fileEncoding = 4; lastKnownFileType = sourcecode.c.objc; path = FMDatabaseQueue.m; sourceTree = "<group>"; };
		7F6065581B553CC4000C4C8C /* FMDB.h */ = {isa = PBXFileReference; fileEncoding = 4; lastKnownFileType = sourcecode.c.h; path = FMDB.h; sourceTree = "<group>"; };
		7F6065591B553CC4000C4C8C /* FMResultSet.h */ = {isa = PBXFileReference; fileEncoding = 4; lastKnownFileType = sourcecode.c.h; path = FMResultSet.h; sourceTree = "<group>"; };
		7F60655A1B553CC4000C4C8C /* FMResultSet.m */ = {isa = PBXFileReference; fileEncoding = 4; lastKnownFileType = sourcecode.c.objc; path = FMResultSet.m; sourceTree = "<group>"; };
		7F6065601B554502000C4C8C /* libsqlite3.dylib */ = {isa = PBXFileReference; lastKnownFileType = "compiled.mach-o.dylib"; name = libsqlite3.dylib; path = usr/lib/libsqlite3.dylib; sourceTree = SDKROOT; };
		7F7DBF261B56A3BB00C85517 /* en */ = {isa = PBXFileReference; lastKnownFileType = text.plist.strings; name = en; path = en.lproj/UMSocialLocalizable.strings; sourceTree = "<group>"; };
		7F7DBF281B56A3BB00C85517 /* UMSocial.h */ = {isa = PBXFileReference; fileEncoding = 4; lastKnownFileType = sourcecode.c.h; path = UMSocial.h; sourceTree = "<group>"; };
		7F7DBF291B56A3BB00C85517 /* UMSocialAccountManager.h */ = {isa = PBXFileReference; fileEncoding = 4; lastKnownFileType = sourcecode.c.h; path = UMSocialAccountManager.h; sourceTree = "<group>"; };
		7F7DBF2A1B56A3BB00C85517 /* UMSocialBar.h */ = {isa = PBXFileReference; fileEncoding = 4; lastKnownFileType = sourcecode.c.h; path = UMSocialBar.h; sourceTree = "<group>"; };
		7F7DBF2B1B56A3BB00C85517 /* UMSocialConfig.h */ = {isa = PBXFileReference; fileEncoding = 4; lastKnownFileType = sourcecode.c.h; path = UMSocialConfig.h; sourceTree = "<group>"; };
		7F7DBF2C1B56A3BB00C85517 /* UMSocialControllerService.h */ = {isa = PBXFileReference; fileEncoding = 4; lastKnownFileType = sourcecode.c.h; path = UMSocialControllerService.h; sourceTree = "<group>"; };
		7F7DBF2D1B56A3BB00C85517 /* UMSocialControllerServiceComment.h */ = {isa = PBXFileReference; fileEncoding = 4; lastKnownFileType = sourcecode.c.h; path = UMSocialControllerServiceComment.h; sourceTree = "<group>"; };
		7F7DBF2E1B56A3BB00C85517 /* UMSocialData.h */ = {isa = PBXFileReference; fileEncoding = 4; lastKnownFileType = sourcecode.c.h; path = UMSocialData.h; sourceTree = "<group>"; };
		7F7DBF2F1B56A3BB00C85517 /* UMSocialDataService.h */ = {isa = PBXFileReference; fileEncoding = 4; lastKnownFileType = sourcecode.c.h; path = UMSocialDataService.h; sourceTree = "<group>"; };
		7F7DBF301B56A3BB00C85517 /* UMSocialSnsData.h */ = {isa = PBXFileReference; fileEncoding = 4; lastKnownFileType = sourcecode.c.h; path = UMSocialSnsData.h; sourceTree = "<group>"; };
		7F7DBF311B56A3BB00C85517 /* UMSocialSnsPlatformManager.h */ = {isa = PBXFileReference; fileEncoding = 4; lastKnownFileType = sourcecode.c.h; path = UMSocialSnsPlatformManager.h; sourceTree = "<group>"; };
		7F7DBF321B56A3BB00C85517 /* UMSocialSnsService.h */ = {isa = PBXFileReference; fileEncoding = 4; lastKnownFileType = sourcecode.c.h; path = UMSocialSnsService.h; sourceTree = "<group>"; };
		7F7DBF331B56A3BB00C85517 /* libUMSocial_Sdk_4.2.3.a */ = {isa = PBXFileReference; lastKnownFileType = archive.ar; path = libUMSocial_Sdk_4.2.3.a; sourceTree = "<group>"; };
		7F7DBF341B56A3BB00C85517 /* libUMSocial_Sdk_Comment_4.2.3.a */ = {isa = PBXFileReference; lastKnownFileType = archive.ar; path = libUMSocial_Sdk_Comment_4.2.3.a; sourceTree = "<group>"; };
		7F7DBF361B56A3BB00C85517 /* UMSCommentDetailController.xib */ = {isa = PBXFileReference; fileEncoding = 4; lastKnownFileType = file.xib; path = UMSCommentDetailController.xib; sourceTree = "<group>"; };
		7F7DBF371B56A3BB00C85517 /* UMSCommentInputController.xib */ = {isa = PBXFileReference; fileEncoding = 4; lastKnownFileType = file.xib; path = UMSCommentInputController.xib; sourceTree = "<group>"; };
		7F7DBF381B56A3BB00C85517 /* UMSCommentInputControlleriPad.xib */ = {isa = PBXFileReference; fileEncoding = 4; lastKnownFileType = file.xib; path = UMSCommentInputControlleriPad.xib; sourceTree = "<group>"; };
		7F7DBF391B56A3BB00C85517 /* UMShareEditViewController.xib */ = {isa = PBXFileReference; fileEncoding = 4; lastKnownFileType = file.xib; path = UMShareEditViewController.xib; sourceTree = "<group>"; };
		7F7DBF3A1B56A3BB00C85517 /* UMShareEditViewControlleriPad.xib */ = {isa = PBXFileReference; fileEncoding = 4; lastKnownFileType = file.xib; path = UMShareEditViewControlleriPad.xib; sourceTree = "<group>"; };
		7F7DBF3B1B56A3BB00C85517 /* UMSLoginViewController.xib */ = {isa = PBXFileReference; fileEncoding = 4; lastKnownFileType = file.xib; path = UMSLoginViewController.xib; sourceTree = "<group>"; };
		7F7DBF3C1B56A3BB00C85517 /* UMSnsAccountViewController.xib */ = {isa = PBXFileReference; fileEncoding = 4; lastKnownFileType = file.xib; path = UMSnsAccountViewController.xib; sourceTree = "<group>"; };
		7F7DBF3D1B56A3BB00C85517 /* UMSShareListController.xib */ = {isa = PBXFileReference; fileEncoding = 4; lastKnownFileType = file.xib; path = UMSShareListController.xib; sourceTree = "<group>"; };
		7F7DBF3E1B56A3BB00C85517 /* UMSocialSDKResourcesNew.bundle */ = {isa = PBXFileReference; lastKnownFileType = "wrapper.plug-in"; path = UMSocialSDKResourcesNew.bundle; sourceTree = "<group>"; };
		7F7DBF3F1B56A3BB00C85517 /* zh-Hans */ = {isa = PBXFileReference; lastKnownFileType = text.plist.strings; name = "zh-Hans"; path = "zh-Hans.lproj/UMSocialLocalizable.strings"; sourceTree = "<group>"; };
		7F7DBF4C1B56A68D00C85517 /* SystemConfiguration.framework */ = {isa = PBXFileReference; lastKnownFileType = wrapper.framework; name = SystemConfiguration.framework; path = System/Library/Frameworks/SystemConfiguration.framework; sourceTree = SDKROOT; };
		7F80A6461B52688200A6F94C /* MJRefresh.bundle */ = {isa = PBXFileReference; lastKnownFileType = "wrapper.plug-in"; path = MJRefresh.bundle; sourceTree = "<group>"; };
		7F80A6471B52688200A6F94C /* MJRefresh.h */ = {isa = PBXFileReference; fileEncoding = 4; lastKnownFileType = sourcecode.c.h; path = MJRefresh.h; sourceTree = "<group>"; };
		7F80A6481B52688200A6F94C /* MJRefreshBaseView.h */ = {isa = PBXFileReference; fileEncoding = 4; lastKnownFileType = sourcecode.c.h; path = MJRefreshBaseView.h; sourceTree = "<group>"; };
		7F80A6491B52688200A6F94C /* MJRefreshBaseView.m */ = {isa = PBXFileReference; fileEncoding = 4; lastKnownFileType = sourcecode.c.objc; path = MJRefreshBaseView.m; sourceTree = "<group>"; };
		7F80A64A1B52688200A6F94C /* MJRefreshConst.h */ = {isa = PBXFileReference; fileEncoding = 4; lastKnownFileType = sourcecode.c.h; path = MJRefreshConst.h; sourceTree = "<group>"; };
		7F80A64B1B52688200A6F94C /* MJRefreshConst.m */ = {isa = PBXFileReference; fileEncoding = 4; lastKnownFileType = sourcecode.c.objc; path = MJRefreshConst.m; sourceTree = "<group>"; };
		7F80A64C1B52688200A6F94C /* MJRefreshFooterView.h */ = {isa = PBXFileReference; fileEncoding = 4; lastKnownFileType = sourcecode.c.h; path = MJRefreshFooterView.h; sourceTree = "<group>"; };
		7F80A64D1B52688200A6F94C /* MJRefreshFooterView.m */ = {isa = PBXFileReference; fileEncoding = 4; lastKnownFileType = sourcecode.c.objc; path = MJRefreshFooterView.m; sourceTree = "<group>"; };
		7F80A64E1B52688200A6F94C /* MJRefreshHeaderView.h */ = {isa = PBXFileReference; fileEncoding = 4; lastKnownFileType = sourcecode.c.h; path = MJRefreshHeaderView.h; sourceTree = "<group>"; };
		7F80A64F1B52688200A6F94C /* MJRefreshHeaderView.m */ = {isa = PBXFileReference; fileEncoding = 4; lastKnownFileType = sourcecode.c.objc; path = MJRefreshHeaderView.m; sourceTree = "<group>"; };
		7F80A6501B52688200A6F94C /* UIScrollView+MJExtension.h */ = {isa = PBXFileReference; fileEncoding = 4; lastKnownFileType = sourcecode.c.h; path = "UIScrollView+MJExtension.h"; sourceTree = "<group>"; };
		7F80A6511B52688200A6F94C /* UIScrollView+MJExtension.m */ = {isa = PBXFileReference; fileEncoding = 4; lastKnownFileType = sourcecode.c.objc; path = "UIScrollView+MJExtension.m"; sourceTree = "<group>"; };
		7F80A6521B52688200A6F94C /* UIScrollView+MJRefresh.h */ = {isa = PBXFileReference; fileEncoding = 4; lastKnownFileType = sourcecode.c.h; path = "UIScrollView+MJRefresh.h"; sourceTree = "<group>"; };
		7F80A6531B52688200A6F94C /* UIScrollView+MJRefresh.m */ = {isa = PBXFileReference; fileEncoding = 4; lastKnownFileType = sourcecode.c.objc; path = "UIScrollView+MJRefresh.m"; sourceTree = "<group>"; };
		7F80A6541B52688200A6F94C /* UIView+MJExtension.h */ = {isa = PBXFileReference; fileEncoding = 4; lastKnownFileType = sourcecode.c.h; path = "UIView+MJExtension.h"; sourceTree = "<group>"; };
		7F80A6551B52688200A6F94C /* UIView+MJExtension.m */ = {isa = PBXFileReference; fileEncoding = 4; lastKnownFileType = sourcecode.c.objc; path = "UIView+MJExtension.m"; sourceTree = "<group>"; };
		7F80A65F1B526A8100A6F94C /* MBProgressHUD+MJ.h */ = {isa = PBXFileReference; fileEncoding = 4; lastKnownFileType = sourcecode.c.h; path = "MBProgressHUD+MJ.h"; sourceTree = "<group>"; };
		7F80A6601B526A8100A6F94C /* MBProgressHUD+MJ.m */ = {isa = PBXFileReference; fileEncoding = 4; lastKnownFileType = sourcecode.c.objc; path = "MBProgressHUD+MJ.m"; sourceTree = "<group>"; };
		7F80A6611B526A8100A6F94C /* MBProgressHUD.bundle */ = {isa = PBXFileReference; lastKnownFileType = "wrapper.plug-in"; path = MBProgressHUD.bundle; sourceTree = "<group>"; };
		7F80A6621B526A8100A6F94C /* MBProgressHUD.h */ = {isa = PBXFileReference; fileEncoding = 4; lastKnownFileType = sourcecode.c.h; path = MBProgressHUD.h; sourceTree = "<group>"; };
		7F80A6631B526A8100A6F94C /* MBProgressHUD.m */ = {isa = PBXFileReference; fileEncoding = 4; lastKnownFileType = sourcecode.c.objc; path = MBProgressHUD.m; sourceTree = "<group>"; };
		7F8FFB531B55021D00D1ED2E /* JSSRestrictions.h */ = {isa = PBXFileReference; fileEncoding = 4; lastKnownFileType = sourcecode.c.h; path = JSSRestrictions.h; sourceTree = "<group>"; };
		7F8FFB541B55021D00D1ED2E /* JSSRestrictions.m */ = {isa = PBXFileReference; fileEncoding = 4; lastKnownFileType = sourcecode.c.objc; path = JSSRestrictions.m; sourceTree = "<group>"; };
		7F9266801B52A16900E4ED79 /* JSSDealsViewController.h */ = {isa = PBXFileReference; fileEncoding = 4; lastKnownFileType = sourcecode.c.h; path = JSSDealsViewController.h; sourceTree = "<group>"; };
		7F9266811B52A16900E4ED79 /* JSSDealsViewController.m */ = {isa = PBXFileReference; fileEncoding = 4; lastKnownFileType = sourcecode.c.objc; path = JSSDealsViewController.m; sourceTree = "<group>"; };
		7F9C36B41B53D0C600DC119D /* JSSCollectViewController.h */ = {isa = PBXFileReference; fileEncoding = 4; lastKnownFileType = sourcecode.c.h; path = JSSCollectViewController.h; sourceTree = "<group>"; };
		7F9C36B51B53D0C600DC119D /* JSSCollectViewController.m */ = {isa = PBXFileReference; fileEncoding = 4; lastKnownFileType = sourcecode.c.objc; path = JSSCollectViewController.m; sourceTree = "<group>"; };
		7F9C36B71B53D0D000DC119D /* JSSRecentViewController.h */ = {isa = PBXFileReference; fileEncoding = 4; lastKnownFileType = sourcecode.c.h; path = JSSRecentViewController.h; sourceTree = "<group>"; };
		7F9C36B81B53D0D000DC119D /* JSSRecentViewController.m */ = {isa = PBXFileReference; fileEncoding = 4; lastKnownFileType = sourcecode.c.objc; path = JSSRecentViewController.m; sourceTree = "<group>"; };
		7F9C36BC1B53D2E800DC119D /* JSSDetailViewController.h */ = {isa = PBXFileReference; fileEncoding = 4; lastKnownFileType = sourcecode.c.h; path = JSSDetailViewController.h; sourceTree = "<group>"; };
		7F9C36BD1B53D2E800DC119D /* JSSDetailViewController.m */ = {isa = PBXFileReference; fileEncoding = 4; lastKnownFileType = sourcecode.c.objc; path = JSSDetailViewController.m; sourceTree = "<group>"; };
		7F9C36BF1B53D2F500DC119D /* JSSDetailViewController.xib */ = {isa = PBXFileReference; fileEncoding = 4; lastKnownFileType = file.xib; path = JSSDetailViewController.xib; sourceTree = "<group>"; };
		7FBB1F421B538DB9003A1BB3 /* AwesomeMenu.h */ = {isa = PBXFileReference; fileEncoding = 4; lastKnownFileType = sourcecode.c.h; path = AwesomeMenu.h; sourceTree = "<group>"; };
		7FBB1F431B538DB9003A1BB3 /* AwesomeMenu.m */ = {isa = PBXFileReference; fileEncoding = 4; lastKnownFileType = sourcecode.c.objc; path = AwesomeMenu.m; sourceTree = "<group>"; };
		7FBB1F441B538DB9003A1BB3 /* AwesomeMenuItem.h */ = {isa = PBXFileReference; fileEncoding = 4; lastKnownFileType = sourcecode.c.h; path = AwesomeMenuItem.h; sourceTree = "<group>"; };
		7FBB1F451B538DB9003A1BB3 /* AwesomeMenuItem.m */ = {isa = PBXFileReference; fileEncoding = 4; lastKnownFileType = sourcecode.c.objc; path = AwesomeMenuItem.m; sourceTree = "<group>"; };
		7FCA62471B57F65700594B35 /* JSSSearchViewController.h */ = {isa = PBXFileReference; fileEncoding = 4; lastKnownFileType = sourcecode.c.h; path = JSSSearchViewController.h; sourceTree = "<group>"; };
		7FCA62481B57F65700594B35 /* JSSSearchViewController.m */ = {isa = PBXFileReference; fileEncoding = 4; lastKnownFileType = sourcecode.c.objc; path = JSSSearchViewController.m; sourceTree = "<group>"; };
		7FE06D251B4F55BE006403F3 /* 高仿美团HD.app */ = {isa = PBXFileReference; explicitFileType = wrapper.application; includeInIndex = 0; path = "高仿美团HD.app"; sourceTree = BUILT_PRODUCTS_DIR; };
		7FE06D291B4F55BE006403F3 /* Info.plist */ = {isa = PBXFileReference; lastKnownFileType = text.plist.xml; path = Info.plist; sourceTree = "<group>"; };
		7FE06D3E1B4F55BE006403F3 /* 高仿美团HDTests.xctest */ = {isa = PBXFileReference; explicitFileType = wrapper.cfbundle; includeInIndex = 0; path = "高仿美团HDTests.xctest"; sourceTree = BUILT_PRODUCTS_DIR; };
		7FE06D431B4F55BE006403F3 /* Info.plist */ = {isa = PBXFileReference; lastKnownFileType = text.plist.xml; path = Info.plist; sourceTree = "<group>"; };
		7FE06D441B4F55BE006403F3 /* ____HDTests.m */ = {isa = PBXFileReference; lastKnownFileType = sourcecode.c.objc; path = "____HDTests.m"; sourceTree = "<group>"; };
		7FFA0BE71B50C0DB00DEA357 /* JSSSearchController.h */ = {isa = PBXFileReference; fileEncoding = 4; lastKnownFileType = sourcecode.c.h; path = JSSSearchController.h; sourceTree = "<group>"; };
		7FFA0BE81B50C0DB00DEA357 /* JSSSearchController.m */ = {isa = PBXFileReference; fileEncoding = 4; lastKnownFileType = sourcecode.c.objc; path = JSSSearchController.m; sourceTree = "<group>"; };
		7FFA0BEA1B50C17E00DEA357 /* UIView+AutoLayout.h */ = {isa = PBXFileReference; fileEncoding = 4; lastKnownFileType = sourcecode.c.h; path = "UIView+AutoLayout.h"; sourceTree = "<group>"; };
		7FFA0BEB1B50C18D00DEA357 /* UIView+AutoLayout.m */ = {isa = PBXFileReference; fileEncoding = 4; lastKnownFileType = sourcecode.c.objc; path = "UIView+AutoLayout.m"; sourceTree = "<group>"; };
		7FFA0BED1B50EF1900DEA357 /* JSSCity.h */ = {isa = PBXFileReference; fileEncoding = 4; lastKnownFileType = sourcecode.c.h; path = JSSCity.h; sourceTree = "<group>"; };
		7FFA0BEE1B50EF1900DEA357 /* JSSCity.m */ = {isa = PBXFileReference; fileEncoding = 4; lastKnownFileType = sourcecode.c.objc; path = JSSCity.m; sourceTree = "<group>"; };
		7FFA0BF01B50EFE600DEA357 /* JSSRegion.h */ = {isa = PBXFileReference; fileEncoding = 4; lastKnownFileType = sourcecode.c.h; path = JSSRegion.h; sourceTree = "<group>"; };
		7FFA0BF11B50EFE600DEA357 /* JSSRegion.m */ = {isa = PBXFileReference; fileEncoding = 4; lastKnownFileType = sourcecode.c.objc; path = JSSRegion.m; sourceTree = "<group>"; };
		7FFA0BF41B51118100DEA357 /* JSSMetaTool.h */ = {isa = PBXFileReference; fileEncoding = 4; lastKnownFileType = sourcecode.c.h; path = JSSMetaTool.h; sourceTree = "<group>"; };
		7FFA0BF51B51118100DEA357 /* JSSMetaTool.m */ = {isa = PBXFileReference; fileEncoding = 4; lastKnownFileType = sourcecode.c.objc; path = JSSMetaTool.m; sourceTree = "<group>"; };
		7FFA0BF71B51308F00DEA357 /* JSSSort.h */ = {isa = PBXFileReference; fileEncoding = 4; lastKnownFileType = sourcecode.c.h; path = JSSSort.h; sourceTree = "<group>"; };
		7FFA0BF81B51308F00DEA357 /* JSSSort.m */ = {isa = PBXFileReference; fileEncoding = 4; lastKnownFileType = sourcecode.c.objc; path = JSSSort.m; sourceTree = "<group>"; };
		7FFA0BFA1B5131CE00DEA357 /* JSSSortController.h */ = {isa = PBXFileReference; fileEncoding = 4; lastKnownFileType = sourcecode.c.h; path = JSSSortController.h; sourceTree = "<group>"; };
		7FFA0BFB1B5131CE00DEA357 /* JSSSortController.m */ = {isa = PBXFileReference; fileEncoding = 4; lastKnownFileType = sourcecode.c.objc; path = JSSSortController.m; sourceTree = "<group>"; };
/* End PBXFileReference section */

/* Begin PBXFrameworksBuildPhase section */
		7FE06D221B4F55BE006403F3 /* Frameworks */ = {
			isa = PBXFrameworksBuildPhase;
			buildActionMask = 2147483647;
			files = (
				7F7DBF4D1B56A68D00C85517 /* SystemConfiguration.framework in Frameworks */,
				7F6065611B554502000C4C8C /* libsqlite3.dylib in Frameworks */,
				7F7DBF411B56A3BB00C85517 /* libUMSocial_Sdk_4.2.3.a in Frameworks */,
				7F7DBF421B56A3BB00C85517 /* libUMSocial_Sdk_Comment_4.2.3.a in Frameworks */,
			);
			runOnlyForDeploymentPostprocessing = 0;
		};
		7FE06D3B1B4F55BE006403F3 /* Frameworks */ = {
			isa = PBXFrameworksBuildPhase;
			buildActionMask = 2147483647;
			files = (
			);
			runOnlyForDeploymentPostprocessing = 0;
		};
/* End PBXFrameworksBuildPhase section */

/* Begin PBXGroup section */
		7F3FAD541B5215D60069C9B7 /* SDWebImage */ = {
			isa = PBXGroup;
			children = (
				7F3FAD551B5215D60069C9B7 /* MKAnnotationView+WebCache.h */,
				7F3FAD561B5215D60069C9B7 /* MKAnnotationView+WebCache.m */,
				7F3FAD571B5215D60069C9B7 /* NSData+ImageContentType.h */,
				7F3FAD581B5215D60069C9B7 /* NSData+ImageContentType.m */,
				7F3FAD591B5215D60069C9B7 /* SDImageCache.h */,
				7F3FAD5A1B5215D60069C9B7 /* SDImageCache.m */,
				7F3FAD5B1B5215D60069C9B7 /* SDWebImageCompat.h */,
				7F3FAD5C1B5215D60069C9B7 /* SDWebImageCompat.m */,
				7F3FAD5D1B5215D60069C9B7 /* SDWebImageDecoder.h */,
				7F3FAD5E1B5215D60069C9B7 /* SDWebImageDecoder.m */,
				7F3FAD5F1B5215D60069C9B7 /* SDWebImageDownloader.h */,
				7F3FAD601B5215D60069C9B7 /* SDWebImageDownloader.m */,
				7F3FAD611B5215D60069C9B7 /* SDWebImageDownloaderOperation.h */,
				7F3FAD621B5215D60069C9B7 /* SDWebImageDownloaderOperation.m */,
				7F3FAD631B5215D60069C9B7 /* SDWebImageManager.h */,
				7F3FAD641B5215D60069C9B7 /* SDWebImageManager.m */,
				7F3FAD651B5215D60069C9B7 /* SDWebImageOperation.h */,
				7F3FAD661B5215D60069C9B7 /* SDWebImagePrefetcher.h */,
				7F3FAD671B5215D60069C9B7 /* SDWebImagePrefetcher.m */,
				7F3FAD681B5215D60069C9B7 /* UIButton+WebCache.h */,
				7F3FAD691B5215D60069C9B7 /* UIButton+WebCache.m */,
				7F3FAD6A1B5215D60069C9B7 /* UIImage+GIF.h */,
				7F3FAD6B1B5215D60069C9B7 /* UIImage+GIF.m */,
				7F3FAD6C1B5215D60069C9B7 /* UIImage+MultiFormat.h */,
				7F3FAD6D1B5215D60069C9B7 /* UIImage+MultiFormat.m */,
				7F3FAD6E1B5215D60069C9B7 /* UIImage+WebP.h */,
				7F3FAD6F1B5215D60069C9B7 /* UIImage+WebP.m */,
				7F3FAD701B5215D60069C9B7 /* UIImageView+HighlightedWebCache.h */,
				7F3FAD711B5215D60069C9B7 /* UIImageView+HighlightedWebCache.m */,
				7F3FAD721B5215D60069C9B7 /* UIImageView+WebCache.h */,
				7F3FAD731B5215D60069C9B7 /* UIImageView+WebCache.m */,
				7F3FAD741B5215D60069C9B7 /* UIView+WebCacheOperation.h */,
				7F3FAD751B5215D60069C9B7 /* UIView+WebCacheOperation.m */,
			);
			path = SDWebImage;
			sourceTree = "<group>";
		};
		7F450C671B4F7D6100A1CBB6 /* Classes */ = {
			isa = PBXGroup;
			children = (
				7FCA62451B57F65700594B35 /* Search(搜索) */,
				7F9C36BA1B53D2CC00DC119D /* Detail(详情) */,
				7F9C36B01B53D0AD00DC119D /* Collect(收藏) */,
				7F9C36B21B53D0AD00DC119D /* Recent(最近) */,
				7F450C681B4F7D6100A1CBB6 /* Home(主页) */,
				7F450C701B4F7D6100A1CBB6 /* Main(主要) */,
			);
			path = Classes;
			sourceTree = "<group>";
		};
		7F450C681B4F7D6100A1CBB6 /* Home(主页) */ = {
			isa = PBXGroup;
			children = (
				7F450C691B4F7D6100A1CBB6 /* Controller */,
				7FFA0BF31B51116000DEA357 /* Tool */,
				7F450C8D1B4FADFF00A1CBB6 /* Model */,
				7F450C6C1B4F7D6100A1CBB6 /* View */,
			);
			path = "Home(主页)";
			sourceTree = "<group>";
		};
		7F450C691B4F7D6100A1CBB6 /* Controller */ = {
			isa = PBXGroup;
			children = (
				7F450C6A1B4F7D6100A1CBB6 /* JSSHomeController.h */,
				7F450C6B1B4F7D6100A1CBB6 /* JSSHomeController.m */,
				7F450CC01B4FB35E00A1CBB6 /* JSSCategoryController.h */,
				7F450CC11B4FB35E00A1CBB6 /* JSSCategoryController.m */,
				7F450CC91B4FF41D00A1CBB6 /* JSSDistrictController.h */,
				7F450CCA1B4FF41D00A1CBB6 /* JSSDistrictController.m */,
				7F450CCB1B4FF41D00A1CBB6 /* JSSDistrictController.xib */,
				7FFA0BFA1B5131CE00DEA357 /* JSSSortController.h */,
				7FFA0BFB1B5131CE00DEA357 /* JSSSortController.m */,
				7F450CCE1B4FFDB200A1CBB6 /* JSSCityController.h */,
				7F450CCF1B4FFDB200A1CBB6 /* JSSCityController.m */,
				7F450CD01B4FFDB200A1CBB6 /* JSSCityController.xib */,
				7FFA0BE71B50C0DB00DEA357 /* JSSSearchController.h */,
				7FFA0BE81B50C0DB00DEA357 /* JSSSearchController.m */,
			);
			path = Controller;
			sourceTree = "<group>";
		};
		7F450C6C1B4F7D6100A1CBB6 /* View */ = {
			isa = PBXGroup;
			children = (
				7F450C6D1B4F7D6100A1CBB6 /* JSSTopView.h */,
				7F450C6E1B4F7D6100A1CBB6 /* JSSTopView.m */,
				7F450C6F1B4F7D6100A1CBB6 /* JSSTopView.xib */,
				7F450C881B4F7DA200A1CBB6 /* JSSDropView.h */,
				7F450C891B4F7DA200A1CBB6 /* JSSDropView.m */,
				7F450C8B1B4F7DB300A1CBB6 /* JSSDropView.xib */,
				7F450CC31B4FD47700A1CBB6 /* JSSMainCell.h */,
				7F450CC41B4FD47700A1CBB6 /* JSSMainCell.m */,
				7F450CC61B4FD48600A1CBB6 /* JSSSubCell.h */,
				7F450CC71B4FD48600A1CBB6 /* JSSSubCell.m */,
				7F3FAD4F1B520F930069C9B7 /* JSSDealCell.h */,
				7F3FAD501B520F930069C9B7 /* JSSDealCell.m */,
				7F3FAD521B520FAB0069C9B7 /* JSSDealCell.xib */,
				7F3FAD891B523C8A0069C9B7 /* JSSListPriceLabel.h */,
				7F3FAD8A1B523C8A0069C9B7 /* JSSListPriceLabel.m */,
			);
			path = View;
			sourceTree = "<group>";
		};
		7F450C701B4F7D6100A1CBB6 /* Main(主要) */ = {
			isa = PBXGroup;
			children = (
				7F60654B1B553B73000C4C8C /* Tool */,
				7F450C9C1B4FB27C00A1CBB6 /* Lib */,
				7F450C711B4F7D6100A1CBB6 /* Category */,
				7F450C761B4F7D6100A1CBB6 /* Controller */,
				7F450C791B4F7D6100A1CBB6 /* Other */,
			);
			path = "Main(主要)";
			sourceTree = "<group>";
		};
		7F450C711B4F7D6100A1CBB6 /* Category */ = {
			isa = PBXGroup;
			children = (
				7F5377581B516E0600C2659D /* Foundation+Log.m */,
				7FFA0BEA1B50C17E00DEA357 /* UIView+AutoLayout.h */,
				7FFA0BEB1B50C18D00DEA357 /* UIView+AutoLayout.m */,
				7F450C721B4F7D6100A1CBB6 /* UIBarButtonItem+Extension.h */,
				7F450C731B4F7D6100A1CBB6 /* UIBarButtonItem+Extension.m */,
				7F450C741B4F7D6100A1CBB6 /* UIView+Extension.h */,
				7F450C751B4F7D6100A1CBB6 /* UIView+Extension.m */,
			);
			path = Category;
			sourceTree = "<group>";
		};
		7F450C761B4F7D6100A1CBB6 /* Controller */ = {
			isa = PBXGroup;
			children = (
				7F450C771B4F7D6100A1CBB6 /* JSSNavigationController.h */,
				7F450C781B4F7D6100A1CBB6 /* JSSNavigationController.m */,
				7F9266801B52A16900E4ED79 /* JSSDealsViewController.h */,
				7F9266811B52A16900E4ED79 /* JSSDealsViewController.m */,
			);
			path = Controller;
			sourceTree = "<group>";
		};
		7F450C791B4F7D6100A1CBB6 /* Other */ = {
			isa = PBXGroup;
			children = (
				7F450C7A1B4F7D6100A1CBB6 /* AppDelegate.h */,
				7F450C7B1B4F7D6100A1CBB6 /* AppDelegate.m */,
				7F450C7C1B4F7D6100A1CBB6 /* JSSConst.h */,
				7F450C7D1B4F7D6100A1CBB6 /* JSSConst.m */,
				7F450C7E1B4F7D6100A1CBB6 /* main.m */,
			);
			path = Other;
			sourceTree = "<group>";
		};
		7F450C8D1B4FADFF00A1CBB6 /* Model */ = {
			isa = PBXGroup;
			children = (
				7F450C8E1B4FAE1100A1CBB6 /* JSSCategory.h */,
				7F450C8F1B4FAE1100A1CBB6 /* JSSCategory.m */,
				7F450CD31B5001ED00A1CBB6 /* JSSCityGroup.h */,
				7F450CD41B5001ED00A1CBB6 /* JSSCityGroup.m */,
				7FFA0BED1B50EF1900DEA357 /* JSSCity.h */,
				7FFA0BEE1B50EF1900DEA357 /* JSSCity.m */,
				7FFA0BF01B50EFE600DEA357 /* JSSRegion.h */,
				7FFA0BF11B50EFE600DEA357 /* JSSRegion.m */,
				7FFA0BF71B51308F00DEA357 /* JSSSort.h */,
				7FFA0BF81B51308F00DEA357 /* JSSSort.m */,
				7F2EEC381B52070C00BB578B /* JSSDeal.h */,
				7F2EEC391B52070C00BB578B /* JSSDeal.m */,
				7F8FFB531B55021D00D1ED2E /* JSSRestrictions.h */,
				7F8FFB541B55021D00D1ED2E /* JSSRestrictions.m */,
			);
			path = Model;
			sourceTree = "<group>";
		};
		7F450C911B4FAFE000A1CBB6 /* Plist */ = {
			isa = PBXGroup;
			children = (
				7F450C921B4FAFE000A1CBB6 /* categories.plist */,
				7F450C931B4FAFE000A1CBB6 /* cities.plist */,
				7F450C941B4FAFE000A1CBB6 /* cityGroups.plist */,
				7F450C951B4FAFE000A1CBB6 /* sorts.plist */,
			);
			path = Plist;
			sourceTree = "<group>";
		};
		7F450C9C1B4FB27C00A1CBB6 /* Lib */ = {
			isa = PBXGroup;
			children = (
				7F7DBF241B56A3BB00C85517 /* UMSocial_Sdk_4.2.3 */,
				7F60654F1B553CC4000C4C8C /* fmdb */,
				7FBB1F411B538DB9003A1BB3 /* AwesomeMenu */,
				7F80A65E1B526A8100A6F94C /* MBProgressHUD */,
				7F80A6451B52688200A6F94C /* MJRefresh */,
				7F3FAD541B5215D60069C9B7 /* SDWebImage */,
				7F5377501B516C9C00C2659D /* dianpingapi */,
				7F450C9D1B4FB29600A1CBB6 /* MJExtension */,
			);
			path = Lib;
			sourceTree = "<group>";
		};
		7F450C9D1B4FB29600A1CBB6 /* MJExtension */ = {
			isa = PBXGroup;
			children = (
				7F450C9E1B4FB29600A1CBB6 /* MJArgument.h */,
				7F450C9F1B4FB29600A1CBB6 /* MJArgument.m */,
				7F450CA01B4FB29600A1CBB6 /* MJConst.h */,
				7F450CA11B4FB29600A1CBB6 /* MJConst.m */,
				7F450CA21B4FB29600A1CBB6 /* MJExtension.h */,
				7F450CA31B4FB29600A1CBB6 /* MJFoundation.h */,
				7F450CA41B4FB29600A1CBB6 /* MJFoundation.m */,
				7F450CA51B4FB29600A1CBB6 /* MJIvar.h */,
				7F450CA61B4FB29600A1CBB6 /* MJIvar.m */,
				7F450CA71B4FB29600A1CBB6 /* MJMember.h */,
				7F450CA81B4FB29600A1CBB6 /* MJMember.m */,
				7F450CA91B4FB29600A1CBB6 /* MJMethod.h */,
				7F450CAA1B4FB29600A1CBB6 /* MJMethod.m */,
				7F450CAB1B4FB29600A1CBB6 /* MJType.h */,
				7F450CAC1B4FB29600A1CBB6 /* MJType.m */,
				7F450CAD1B4FB29600A1CBB6 /* MJTypeEncoding.h */,
				7F450CAE1B4FB29600A1CBB6 /* MJTypeEncoding.m */,
				7F450CAF1B4FB29600A1CBB6 /* NSObject+MJCoding.h */,
				7F450CB01B4FB29600A1CBB6 /* NSObject+MJCoding.m */,
				7F450CB11B4FB29600A1CBB6 /* NSObject+MJKeyValue.h */,
				7F450CB21B4FB29600A1CBB6 /* NSObject+MJKeyValue.m */,
				7F450CB31B4FB29600A1CBB6 /* NSObject+MJMember.h */,
				7F450CB41B4FB29600A1CBB6 /* NSObject+MJMember.m */,
			);
			path = MJExtension;
			sourceTree = "<group>";
		};
		7F5377501B516C9C00C2659D /* dianpingapi */ = {
			isa = PBXGroup;
			children = (
				7F5377511B516C9C00C2659D /* DPAPI.h */,
				7F5377521B516C9C00C2659D /* DPAPI.m */,
				7F5377531B516C9C00C2659D /* DPConstants.h */,
				7F5377541B516C9C00C2659D /* DPRequest.h */,
				7F5377551B516C9C00C2659D /* DPRequest.m */,
			);
			path = dianpingapi;
			sourceTree = "<group>";
		};
		7F60654B1B553B73000C4C8C /* Tool */ = {
			isa = PBXGroup;
			children = (
				7F60654C1B553B81000C4C8C /* JSSDealTool.h */,
				7F60654D1B553B81000C4C8C /* JSSDealTool.m */,
			);
			path = Tool;
			sourceTree = "<group>";
		};
		7F60654F1B553CC4000C4C8C /* fmdb */ = {
			isa = PBXGroup;
			children = (
				7F6065501B553CC4000C4C8C /* FMDatabase.h */,
				7F6065511B553CC4000C4C8C /* FMDatabase.m */,
				7F6065521B553CC4000C4C8C /* FMDatabaseAdditions.h */,
				7F6065531B553CC4000C4C8C /* FMDatabaseAdditions.m */,
				7F6065541B553CC4000C4C8C /* FMDatabasePool.h */,
				7F6065551B553CC4000C4C8C /* FMDatabasePool.m */,
				7F6065561B553CC4000C4C8C /* FMDatabaseQueue.h */,
				7F6065571B553CC4000C4C8C /* FMDatabaseQueue.m */,
				7F6065581B553CC4000C4C8C /* FMDB.h */,
				7F6065591B553CC4000C4C8C /* FMResultSet.h */,
				7F60655A1B553CC4000C4C8C /* FMResultSet.m */,
			);
			path = fmdb;
			sourceTree = "<group>";
		};
		7F7DBF241B56A3BB00C85517 /* UMSocial_Sdk_4.2.3 */ = {
			isa = PBXGroup;
			children = (
				7F7DBF251B56A3BB00C85517 /* UMSocialLocalizable.strings */,
				7F7DBF271B56A3BB00C85517 /* Header */,
				7F7DBF331B56A3BB00C85517 /* libUMSocial_Sdk_4.2.3.a */,
				7F7DBF341B56A3BB00C85517 /* libUMSocial_Sdk_Comment_4.2.3.a */,
				7F7DBF351B56A3BB00C85517 /* SocialSDKXib */,
				7F7DBF3E1B56A3BB00C85517 /* UMSocialSDKResourcesNew.bundle */,
			);
			path = UMSocial_Sdk_4.2.3;
			sourceTree = "<group>";
		};
		7F7DBF271B56A3BB00C85517 /* Header */ = {
			isa = PBXGroup;
			children = (
				7F7DBF281B56A3BB00C85517 /* UMSocial.h */,
				7F7DBF291B56A3BB00C85517 /* UMSocialAccountManager.h */,
				7F7DBF2A1B56A3BB00C85517 /* UMSocialBar.h */,
				7F7DBF2B1B56A3BB00C85517 /* UMSocialConfig.h */,
				7F7DBF2C1B56A3BB00C85517 /* UMSocialControllerService.h */,
				7F7DBF2D1B56A3BB00C85517 /* UMSocialControllerServiceComment.h */,
				7F7DBF2E1B56A3BB00C85517 /* UMSocialData.h */,
				7F7DBF2F1B56A3BB00C85517 /* UMSocialDataService.h */,
				7F7DBF301B56A3BB00C85517 /* UMSocialSnsData.h */,
				7F7DBF311B56A3BB00C85517 /* UMSocialSnsPlatformManager.h */,
				7F7DBF321B56A3BB00C85517 /* UMSocialSnsService.h */,
			);
			path = Header;
			sourceTree = "<group>";
		};
		7F7DBF351B56A3BB00C85517 /* SocialSDKXib */ = {
			isa = PBXGroup;
			children = (
				7F7DBF361B56A3BB00C85517 /* UMSCommentDetailController.xib */,
				7F7DBF371B56A3BB00C85517 /* UMSCommentInputController.xib */,
				7F7DBF381B56A3BB00C85517 /* UMSCommentInputControlleriPad.xib */,
				7F7DBF391B56A3BB00C85517 /* UMShareEditViewController.xib */,
				7F7DBF3A1B56A3BB00C85517 /* UMShareEditViewControlleriPad.xib */,
				7F7DBF3B1B56A3BB00C85517 /* UMSLoginViewController.xib */,
				7F7DBF3C1B56A3BB00C85517 /* UMSnsAccountViewController.xib */,
				7F7DBF3D1B56A3BB00C85517 /* UMSShareListController.xib */,
			);
			path = SocialSDKXib;
			sourceTree = "<group>";
		};
		7F80A6451B52688200A6F94C /* MJRefresh */ = {
			isa = PBXGroup;
			children = (
				7F80A6461B52688200A6F94C /* MJRefresh.bundle */,
				7F80A6471B52688200A6F94C /* MJRefresh.h */,
				7F80A6481B52688200A6F94C /* MJRefreshBaseView.h */,
				7F80A6491B52688200A6F94C /* MJRefreshBaseView.m */,
				7F80A64A1B52688200A6F94C /* MJRefreshConst.h */,
				7F80A64B1B52688200A6F94C /* MJRefreshConst.m */,
				7F80A64C1B52688200A6F94C /* MJRefreshFooterView.h */,
				7F80A64D1B52688200A6F94C /* MJRefreshFooterView.m */,
				7F80A64E1B52688200A6F94C /* MJRefreshHeaderView.h */,
				7F80A64F1B52688200A6F94C /* MJRefreshHeaderView.m */,
				7F80A6501B52688200A6F94C /* UIScrollView+MJExtension.h */,
				7F80A6511B52688200A6F94C /* UIScrollView+MJExtension.m */,
				7F80A6521B52688200A6F94C /* UIScrollView+MJRefresh.h */,
				7F80A6531B52688200A6F94C /* UIScrollView+MJRefresh.m */,
				7F80A6541B52688200A6F94C /* UIView+MJExtension.h */,
				7F80A6551B52688200A6F94C /* UIView+MJExtension.m */,
			);
			path = MJRefresh;
			sourceTree = "<group>";
		};
		7F80A65E1B526A8100A6F94C /* MBProgressHUD */ = {
			isa = PBXGroup;
			children = (
				7F80A65F1B526A8100A6F94C /* MBProgressHUD+MJ.h */,
				7F80A6601B526A8100A6F94C /* MBProgressHUD+MJ.m */,
				7F80A6611B526A8100A6F94C /* MBProgressHUD.bundle */,
				7F80A6621B526A8100A6F94C /* MBProgressHUD.h */,
				7F80A6631B526A8100A6F94C /* MBProgressHUD.m */,
			);
			path = MBProgressHUD;
			sourceTree = "<group>";
		};
		7F9C36B01B53D0AD00DC119D /* Collect(收藏) */ = {
			isa = PBXGroup;
			children = (
				7F9C36B11B53D0AD00DC119D /* Controller */,
			);
			path = "Collect(收藏)";
			sourceTree = "<group>";
		};
		7F9C36B11B53D0AD00DC119D /* Controller */ = {
			isa = PBXGroup;
			children = (
				7F9C36B41B53D0C600DC119D /* JSSCollectViewController.h */,
				7F9C36B51B53D0C600DC119D /* JSSCollectViewController.m */,
			);
			path = Controller;
			sourceTree = "<group>";
		};
		7F9C36B21B53D0AD00DC119D /* Recent(最近) */ = {
			isa = PBXGroup;
			children = (
				7F9C36B31B53D0AD00DC119D /* Controller */,
			);
			path = "Recent(最近)";
			sourceTree = "<group>";
		};
		7F9C36B31B53D0AD00DC119D /* Controller */ = {
			isa = PBXGroup;
			children = (
				7F9C36B71B53D0D000DC119D /* JSSRecentViewController.h */,
				7F9C36B81B53D0D000DC119D /* JSSRecentViewController.m */,
			);
			path = Controller;
			sourceTree = "<group>";
		};
		7F9C36BA1B53D2CC00DC119D /* Detail(详情) */ = {
			isa = PBXGroup;
			children = (
				7F9C36BB1B53D2CC00DC119D /* Controller */,
			);
			path = "Detail(详情)";
			sourceTree = "<group>";
		};
		7F9C36BB1B53D2CC00DC119D /* Controller */ = {
			isa = PBXGroup;
			children = (
				7F9C36BC1B53D2E800DC119D /* JSSDetailViewController.h */,
				7F9C36BD1B53D2E800DC119D /* JSSDetailViewController.m */,
				7F9C36BF1B53D2F500DC119D /* JSSDetailViewController.xib */,
			);
			path = Controller;
			sourceTree = "<group>";
		};
		7FBB1F411B538DB9003A1BB3 /* AwesomeMenu */ = {
			isa = PBXGroup;
			children = (
				7FBB1F421B538DB9003A1BB3 /* AwesomeMenu.h */,
				7FBB1F431B538DB9003A1BB3 /* AwesomeMenu.m */,
				7FBB1F441B538DB9003A1BB3 /* AwesomeMenuItem.h */,
				7FBB1F451B538DB9003A1BB3 /* AwesomeMenuItem.m */,
			);
			path = AwesomeMenu;
			sourceTree = "<group>";
		};
		7FCA62451B57F65700594B35 /* Search(搜索) */ = {
			isa = PBXGroup;
			children = (
				7FCA62461B57F65700594B35 /* Controller */,
			);
			path = "Search(搜索)";
			sourceTree = "<group>";
		};
		7FCA62461B57F65700594B35 /* Controller */ = {
			isa = PBXGroup;
			children = (
				7FCA62471B57F65700594B35 /* JSSSearchViewController.h */,
				7FCA62481B57F65700594B35 /* JSSSearchViewController.m */,
			);
			path = Controller;
			sourceTree = "<group>";
		};
		7FE06D1C1B4F55BE006403F3 = {
			isa = PBXGroup;
			children = (
				7F7DBF4C1B56A68D00C85517 /* SystemConfiguration.framework */,
				7F6065601B554502000C4C8C /* libsqlite3.dylib */,
				7FE06D271B4F55BE006403F3 /* 高仿美团HD */,
				7FE06D411B4F55BE006403F3 /* 高仿美团HDTests */,
				7FE06D261B4F55BE006403F3 /* Products */,
			);
			sourceTree = "<group>";
		};
		7FE06D261B4F55BE006403F3 /* Products */ = {
			isa = PBXGroup;
			children = (
				7FE06D251B4F55BE006403F3 /* 高仿美团HD.app */,
				7FE06D3E1B4F55BE006403F3 /* 高仿美团HDTests.xctest */,
			);
			name = Products;
			sourceTree = "<group>";
		};
		7FE06D271B4F55BE006403F3 /* 高仿美团HD */ = {
			isa = PBXGroup;
			children = (
				7F450C671B4F7D6100A1CBB6 /* Classes */,
				7FE06D281B4F55BE006403F3 /* Supporting Files */,
			);
			path = "高仿美团HD";
			sourceTree = "<group>";
		};
		7FE06D281B4F55BE006403F3 /* Supporting Files */ = {
			isa = PBXGroup;
			children = (
				7F450C9A1B4FB02700A1CBB6 /* Images.xcassets */,
				7F450C911B4FAFE000A1CBB6 /* Plist */,
				7FE06D291B4F55BE006403F3 /* Info.plist */,
			);
			name = "Supporting Files";
			sourceTree = "<group>";
		};
		7FE06D411B4F55BE006403F3 /* 高仿美团HDTests */ = {
			isa = PBXGroup;
			children = (
				7FE06D441B4F55BE006403F3 /* ____HDTests.m */,
				7FE06D421B4F55BE006403F3 /* Supporting Files */,
			);
			path = "高仿美团HDTests";
			sourceTree = "<group>";
		};
		7FE06D421B4F55BE006403F3 /* Supporting Files */ = {
			isa = PBXGroup;
			children = (
				7FE06D431B4F55BE006403F3 /* Info.plist */,
			);
			name = "Supporting Files";
			sourceTree = "<group>";
		};
		7FFA0BF31B51116000DEA357 /* Tool */ = {
			isa = PBXGroup;
			children = (
				7FFA0BF41B51118100DEA357 /* JSSMetaTool.h */,
				7FFA0BF51B51118100DEA357 /* JSSMetaTool.m */,
			);
			path = Tool;
			sourceTree = "<group>";
		};
/* End PBXGroup section */

/* Begin PBXNativeTarget section */
		7FE06D241B4F55BE006403F3 /* 高仿美团HD */ = {
			isa = PBXNativeTarget;
			buildConfigurationList = 7FE06D481B4F55BE006403F3 /* Build configuration list for PBXNativeTarget "高仿美团HD" */;
			buildPhases = (
				7FE06D211B4F55BE006403F3 /* Sources */,
				7FE06D221B4F55BE006403F3 /* Frameworks */,
				7FE06D231B4F55BE006403F3 /* Resources */,
			);
			buildRules = (
			);
			dependencies = (
			);
			name = "高仿美团HD";
			productName = "高仿美团HD";
			productReference = 7FE06D251B4F55BE006403F3 /* 高仿美团HD.app */;
			productType = "com.apple.product-type.application";
		};
		7FE06D3D1B4F55BE006403F3 /* 高仿美团HDTests */ = {
			isa = PBXNativeTarget;
			buildConfigurationList = 7FE06D4B1B4F55BE006403F3 /* Build configuration list for PBXNativeTarget "高仿美团HDTests" */;
			buildPhases = (
				7FE06D3A1B4F55BE006403F3 /* Sources */,
				7FE06D3B1B4F55BE006403F3 /* Frameworks */,
				7FE06D3C1B4F55BE006403F3 /* Resources */,
			);
			buildRules = (
			);
			dependencies = (
				7FE06D401B4F55BE006403F3 /* PBXTargetDependency */,
			);
			name = "高仿美团HDTests";
			productName = "高仿美团HDTests";
			productReference = 7FE06D3E1B4F55BE006403F3 /* 高仿美团HDTests.xctest */;
			productType = "com.apple.product-type.bundle.unit-test";
		};
/* End PBXNativeTarget section */

/* Begin PBXProject section */
		7FE06D1D1B4F55BE006403F3 /* Project object */ = {
			isa = PBXProject;
			attributes = {
				CLASSPREFIX = JSS;
				LastUpgradeCheck = 0630;
				ORGANIZATIONNAME = JiShangsong;
				TargetAttributes = {
					7FE06D241B4F55BE006403F3 = {
						CreatedOnToolsVersion = 6.3.1;
					};
					7FE06D3D1B4F55BE006403F3 = {
						CreatedOnToolsVersion = 6.3.1;
						TestTargetID = 7FE06D241B4F55BE006403F3;
					};
				};
			};
			buildConfigurationList = 7FE06D201B4F55BE006403F3 /* Build configuration list for PBXProject "高仿美团HD" */;
			compatibilityVersion = "Xcode 3.2";
			developmentRegion = English;
			hasScannedForEncodings = 0;
			knownRegions = (
				en,
				Base,
				"zh-Hans",
			);
			mainGroup = 7FE06D1C1B4F55BE006403F3;
			productRefGroup = 7FE06D261B4F55BE006403F3 /* Products */;
			projectDirPath = "";
			projectRoot = "";
			targets = (
				7FE06D241B4F55BE006403F3 /* 高仿美团HD */,
				7FE06D3D1B4F55BE006403F3 /* 高仿美团HDTests */,
			);
		};
/* End PBXProject section */

/* Begin PBXResourcesBuildPhase section */
		7FE06D231B4F55BE006403F3 /* Resources */ = {
			isa = PBXResourcesBuildPhase;
			buildActionMask = 2147483647;
			files = (
				7F450CD21B4FFDB200A1CBB6 /* JSSCityController.xib in Resources */,
				7F450C961B4FAFE000A1CBB6 /* categories.plist in Resources */,
				7F450C8C1B4F7DB300A1CBB6 /* JSSDropView.xib in Resources */,
				7F450C9B1B4FB02700A1CBB6 /* Images.xcassets in Resources */,
				7F7DBF481B56A3BB00C85517 /* UMSLoginViewController.xib in Resources */,
				7F9C36C01B53D2F500DC119D /* JSSDetailViewController.xib in Resources */,
				7F450C991B4FAFE000A1CBB6 /* sorts.plist in Resources */,
				7F7DBF431B56A3BB00C85517 /* UMSCommentDetailController.xib in Resources */,
				7F7DBF401B56A3BB00C85517 /* UMSocialLocalizable.strings in Resources */,
				7F80A6651B526A8100A6F94C /* MBProgressHUD.bundle in Resources */,
				7F450CCD1B4FF41D00A1CBB6 /* JSSDistrictController.xib in Resources */,
				7F7DBF451B56A3BB00C85517 /* UMSCommentInputControlleriPad.xib in Resources */,
				7F7DBF441B56A3BB00C85517 /* UMSCommentInputController.xib in Resources */,
				7F7DBF491B56A3BB00C85517 /* UMSnsAccountViewController.xib in Resources */,
				7F3FAD531B520FAB0069C9B7 /* JSSDealCell.xib in Resources */,
				7F7DBF4B1B56A3BB00C85517 /* UMSocialSDKResourcesNew.bundle in Resources */,
				7F80A6561B52688200A6F94C /* MJRefresh.bundle in Resources */,
				7F7DBF471B56A3BB00C85517 /* UMShareEditViewControlleriPad.xib in Resources */,
				7F7DBF461B56A3BB00C85517 /* UMShareEditViewController.xib in Resources */,
				7F450C971B4FAFE000A1CBB6 /* cities.plist in Resources */,
				7F7DBF4A1B56A3BB00C85517 /* UMSShareListController.xib in Resources */,
				7F450C811B4F7D6100A1CBB6 /* JSSTopView.xib in Resources */,
				7F450C981B4FAFE000A1CBB6 /* cityGroups.plist in Resources */,
			);
			runOnlyForDeploymentPostprocessing = 0;
		};
		7FE06D3C1B4F55BE006403F3 /* Resources */ = {
			isa = PBXResourcesBuildPhase;
			buildActionMask = 2147483647;
			files = (
			);
			runOnlyForDeploymentPostprocessing = 0;
		};
/* End PBXResourcesBuildPhase section */

/* Begin PBXSourcesBuildPhase section */
		7FE06D211B4F55BE006403F3 /* Sources */ = {
			isa = PBXSourcesBuildPhase;
			buildActionMask = 2147483647;
			files = (
				7F3FAD7F1B5215D60069C9B7 /* UIButton+WebCache.m in Sources */,
				7F450CB51B4FB29600A1CBB6 /* MJArgument.m in Sources */,
				7F450CC81B4FD48600A1CBB6 /* JSSSubCell.m in Sources */,
				7F450CBC1B4FB29600A1CBB6 /* MJTypeEncoding.m in Sources */,
				7F450C901B4FAE1100A1CBB6 /* JSSCategory.m in Sources */,
				7F3FAD831B5215D60069C9B7 /* UIImageView+HighlightedWebCache.m in Sources */,
				7F80A65A1B52688200A6F94C /* MJRefreshHeaderView.m in Sources */,
				7FBB1F471B538DB9003A1BB3 /* AwesomeMenuItem.m in Sources */,
				7F80A6571B52688200A6F94C /* MJRefreshBaseView.m in Sources */,
				7F450CD51B5001ED00A1CBB6 /* JSSCityGroup.m in Sources */,
				7F3FAD771B5215D60069C9B7 /* NSData+ImageContentType.m in Sources */,
				7F450CB81B4FB29600A1CBB6 /* MJIvar.m in Sources */,
				7F450CC51B4FD47700A1CBB6 /* JSSMainCell.m in Sources */,
				7F450C841B4F7D6100A1CBB6 /* JSSNavigationController.m in Sources */,
				7FFA0BF91B51308F00DEA357 /* JSSSort.m in Sources */,
				7F60655C1B553CC4000C4C8C /* FMDatabaseAdditions.m in Sources */,
				7F450C871B4F7D6100A1CBB6 /* main.m in Sources */,
				7F60655E1B553CC4000C4C8C /* FMDatabaseQueue.m in Sources */,
				7F8FFB551B55021D00D1ED2E /* JSSRestrictions.m in Sources */,
				7F450C861B4F7D6100A1CBB6 /* JSSConst.m in Sources */,
				7F3FAD791B5215D60069C9B7 /* SDWebImageCompat.m in Sources */,
				7F3FAD7D1B5215D60069C9B7 /* SDWebImageManager.m in Sources */,
				7FFA0BE91B50C0DB00DEA357 /* JSSSearchController.m in Sources */,
				7F80A6591B52688200A6F94C /* MJRefreshFooterView.m in Sources */,
				7F3FAD781B5215D60069C9B7 /* SDImageCache.m in Sources */,
				7FFA0BFC1B5131CE00DEA357 /* JSSSortController.m in Sources */,
				7F60654E1B553B81000C4C8C /* JSSDealTool.m in Sources */,
				7F80A6661B526A8100A6F94C /* MBProgressHUD.m in Sources */,
				7F80A6581B52688200A6F94C /* MJRefreshConst.m in Sources */,
				7F3FAD7A1B5215D60069C9B7 /* SDWebImageDecoder.m in Sources */,
				7F9266821B52A16900E4ED79 /* JSSDealsViewController.m in Sources */,
				7F450CCC1B4FF41D00A1CBB6 /* JSSDistrictController.m in Sources */,
				7F450C851B4F7D6100A1CBB6 /* AppDelegate.m in Sources */,
				7FCA62491B57F65700594B35 /* JSSSearchViewController.m in Sources */,
				7F3FAD7B1B5215D60069C9B7 /* SDWebImageDownloader.m in Sources */,
				7F450CBE1B4FB29600A1CBB6 /* NSObject+MJKeyValue.m in Sources */,
				7F2EEC3A1B52070C00BB578B /* JSSDeal.m in Sources */,
				7F450C831B4F7D6100A1CBB6 /* UIView+Extension.m in Sources */,
				7F3FAD811B5215D60069C9B7 /* UIImage+MultiFormat.m in Sources */,
				7F80A65D1B52688200A6F94C /* UIView+MJExtension.m in Sources */,
				7F450CB71B4FB29600A1CBB6 /* MJFoundation.m in Sources */,
				7F3FAD821B5215D60069C9B7 /* UIImage+WebP.m in Sources */,
				7F450C821B4F7D6100A1CBB6 /* UIBarButtonItem+Extension.m in Sources */,
				7F80A65C1B52688200A6F94C /* UIScrollView+MJRefresh.m in Sources */,
				7F9C36B61B53D0C600DC119D /* JSSCollectViewController.m in Sources */,
				7F450C7F1B4F7D6100A1CBB6 /* JSSHomeController.m in Sources */,
				7F5377561B516C9C00C2659D /* DPAPI.m in Sources */,
				7F450CBF1B4FB29600A1CBB6 /* NSObject+MJMember.m in Sources */,
				7F60655F1B553CC4000C4C8C /* FMResultSet.m in Sources */,
				7F450C8A1B4F7DA200A1CBB6 /* JSSDropView.m in Sources */,
				7F450CBB1B4FB29600A1CBB6 /* MJType.m in Sources */,
				7FFA0BEC1B50C18D00DEA357 /* UIView+AutoLayout.m in Sources */,
				7F450CB61B4FB29600A1CBB6 /* MJConst.m in Sources */,
				7F3FAD851B5215D60069C9B7 /* UIView+WebCacheOperation.m in Sources */,
				7F3FAD7E1B5215D60069C9B7 /* SDWebImagePrefetcher.m in Sources */,
				7FFA0BEF1B50EF1900DEA357 /* JSSCity.m in Sources */,
				7F450CC21B4FB35E00A1CBB6 /* JSSCategoryController.m in Sources */,
				7FBB1F461B538DB9003A1BB3 /* AwesomeMenu.m in Sources */,
				7FFA0BF21B50EFE600DEA357 /* JSSRegion.m in Sources */,
				7F3FAD801B5215D60069C9B7 /* UIImage+GIF.m in Sources */,
				7F450CBD1B4FB29600A1CBB6 /* NSObject+MJCoding.m in Sources */,
				7F450CBA1B4FB29600A1CBB6 /* MJMethod.m in Sources */,
				7F60655D1B553CC4000C4C8C /* FMDatabasePool.m in Sources */,
				7F3FAD8B1B523C8A0069C9B7 /* JSSListPriceLabel.m in Sources */,
				7F80A6641B526A8100A6F94C /* MBProgressHUD+MJ.m in Sources */,
				7F80A65B1B52688200A6F94C /* UIScrollView+MJExtension.m in Sources */,
				7F5377591B516E0600C2659D /* Foundation+Log.m in Sources */,
				7F60655B1B553CC4000C4C8C /* FMDatabase.m in Sources */,
				7F3FAD761B5215D60069C9B7 /* MKAnnotationView+WebCache.m in Sources */,
				7F5377571B516C9C00C2659D /* DPRequest.m in Sources */,
				7F3FAD7C1B5215D60069C9B7 /* SDWebImageDownloaderOperation.m in Sources */,
				7F3FAD511B520F930069C9B7 /* JSSDealCell.m in Sources */,
				7F9C36B91B53D0D000DC119D /* JSSRecentViewController.m in Sources */,
				7F450CD11B4FFDB200A1CBB6 /* JSSCityController.m in Sources */,
				7F3FAD841B5215D60069C9B7 /* UIImageView+WebCache.m in Sources */,
				7FFA0BF61B51118100DEA357 /* JSSMetaTool.m in Sources */,
				7F450CB91B4FB29600A1CBB6 /* MJMember.m in Sources */,
				7F9C36BE1B53D2E800DC119D /* JSSDetailViewController.m in Sources */,
				7F450C801B4F7D6100A1CBB6 /* JSSTopView.m in Sources */,
			);
			runOnlyForDeploymentPostprocessing = 0;
		};
		7FE06D3A1B4F55BE006403F3 /* Sources */ = {
			isa = PBXSourcesBuildPhase;
			buildActionMask = 2147483647;
			files = (
				7FE06D451B4F55BE006403F3 /* ____HDTests.m in Sources */,
			);
			runOnlyForDeploymentPostprocessing = 0;
		};
/* End PBXSourcesBuildPhase section */

/* Begin PBXTargetDependency section */
		7FE06D401B4F55BE006403F3 /* PBXTargetDependency */ = {
			isa = PBXTargetDependency;
			target = 7FE06D241B4F55BE006403F3 /* 高仿美团HD */;
			targetProxy = 7FE06D3F1B4F55BE006403F3 /* PBXContainerItemProxy */;
		};
/* End PBXTargetDependency section */

/* Begin PBXVariantGroup section */
		7F7DBF251B56A3BB00C85517 /* UMSocialLocalizable.strings */ = {
			isa = PBXVariantGroup;
			children = (
				7F7DBF261B56A3BB00C85517 /* en */,
				7F7DBF3F1B56A3BB00C85517 /* zh-Hans */,
			);
			name = UMSocialLocalizable.strings;
			sourceTree = "<group>";
		};
/* End PBXVariantGroup section */

/* Begin XCBuildConfiguration section */
		7FE06D461B4F55BE006403F3 /* Debug */ = {
			isa = XCBuildConfiguration;
			buildSettings = {
				ALWAYS_SEARCH_USER_PATHS = NO;
				CLANG_CXX_LANGUAGE_STANDARD = "gnu++0x";
				CLANG_CXX_LIBRARY = "libc++";
				CLANG_ENABLE_MODULES = YES;
				CLANG_ENABLE_OBJC_ARC = YES;
				CLANG_WARN_BOOL_CONVERSION = YES;
				CLANG_WARN_CONSTANT_CONVERSION = YES;
				CLANG_WARN_DIRECT_OBJC_ISA_USAGE = YES_ERROR;
				CLANG_WARN_EMPTY_BODY = YES;
				CLANG_WARN_ENUM_CONVERSION = YES;
				CLANG_WARN_INT_CONVERSION = YES;
				CLANG_WARN_OBJC_ROOT_CLASS = YES_ERROR;
				CLANG_WARN_UNREACHABLE_CODE = YES;
				CLANG_WARN__DUPLICATE_METHOD_MATCH = YES;
				"CODE_SIGN_IDENTITY[sdk=iphoneos*]" = "iPhone Developer";
				COPY_PHASE_STRIP = NO;
				DEBUG_INFORMATION_FORMAT = "dwarf-with-dsym";
				ENABLE_STRICT_OBJC_MSGSEND = YES;
				GCC_C_LANGUAGE_STANDARD = gnu99;
				GCC_DYNAMIC_NO_PIC = NO;
				GCC_NO_COMMON_BLOCKS = YES;
				GCC_OPTIMIZATION_LEVEL = 0;
				GCC_PREPROCESSOR_DEFINITIONS = (
					"DEBUG=1",
					"$(inherited)",
				);
				GCC_SYMBOLS_PRIVATE_EXTERN = NO;
				GCC_WARN_64_TO_32_BIT_CONVERSION = YES;
				GCC_WARN_ABOUT_RETURN_TYPE = YES_ERROR;
				GCC_WARN_UNDECLARED_SELECTOR = YES;
				GCC_WARN_UNINITIALIZED_AUTOS = YES_AGGRESSIVE;
				GCC_WARN_UNUSED_FUNCTION = YES;
				GCC_WARN_UNUSED_VARIABLE = YES;
				IPHONEOS_DEPLOYMENT_TARGET = 8.3;
				MTL_ENABLE_DEBUG_INFO = YES;
				ONLY_ACTIVE_ARCH = YES;
				SDKROOT = iphoneos;
				TARGETED_DEVICE_FAMILY = 2;
			};
			name = Debug;
		};
		7FE06D471B4F55BE006403F3 /* Release */ = {
			isa = XCBuildConfiguration;
			buildSettings = {
				ALWAYS_SEARCH_USER_PATHS = NO;
				CLANG_CXX_LANGUAGE_STANDARD = "gnu++0x";
				CLANG_CXX_LIBRARY = "libc++";
				CLANG_ENABLE_MODULES = YES;
				CLANG_ENABLE_OBJC_ARC = YES;
				CLANG_WARN_BOOL_CONVERSION = YES;
				CLANG_WARN_CONSTANT_CONVERSION = YES;
				CLANG_WARN_DIRECT_OBJC_ISA_USAGE = YES_ERROR;
				CLANG_WARN_EMPTY_BODY = YES;
				CLANG_WARN_ENUM_CONVERSION = YES;
				CLANG_WARN_INT_CONVERSION = YES;
				CLANG_WARN_OBJC_ROOT_CLASS = YES_ERROR;
				CLANG_WARN_UNREACHABLE_CODE = YES;
				CLANG_WARN__DUPLICATE_METHOD_MATCH = YES;
				"CODE_SIGN_IDENTITY[sdk=iphoneos*]" = "iPhone Developer";
				COPY_PHASE_STRIP = NO;
				DEBUG_INFORMATION_FORMAT = "dwarf-with-dsym";
				ENABLE_NS_ASSERTIONS = NO;
				ENABLE_STRICT_OBJC_MSGSEND = YES;
				GCC_C_LANGUAGE_STANDARD = gnu99;
				GCC_NO_COMMON_BLOCKS = YES;
				GCC_WARN_64_TO_32_BIT_CONVERSION = YES;
				GCC_WARN_ABOUT_RETURN_TYPE = YES_ERROR;
				GCC_WARN_UNDECLARED_SELECTOR = YES;
				GCC_WARN_UNINITIALIZED_AUTOS = YES_AGGRESSIVE;
				GCC_WARN_UNUSED_FUNCTION = YES;
				GCC_WARN_UNUSED_VARIABLE = YES;
				IPHONEOS_DEPLOYMENT_TARGET = 8.3;
				MTL_ENABLE_DEBUG_INFO = NO;
				SDKROOT = iphoneos;
				TARGETED_DEVICE_FAMILY = 2;
				VALIDATE_PRODUCT = YES;
			};
			name = Release;
		};
		7FE06D491B4F55BE006403F3 /* Debug */ = {
			isa = XCBuildConfiguration;
			buildSettings = {
				ASSETCATALOG_COMPILER_APPICON_NAME = AppIcon;
				ASSETCATALOG_COMPILER_LAUNCHIMAGE_NAME = LaunchImage;
				INFOPLIST_FILE = "高仿美团HD/Info.plist";
				IPHONEOS_DEPLOYMENT_TARGET = 8.3;
				LD_RUNPATH_SEARCH_PATHS = "$(inherited) @executable_path/Frameworks";
				LIBRARY_SEARCH_PATHS = (
					"$(inherited)",
					"$(PROJECT_DIR)/高仿美团HD/Classes/Main(主要)/Lib/UMSocial_Sdk_4.2.3",
				);
				PRODUCT_NAME = "$(TARGET_NAME)";
			};
			name = Debug;
		};
		7FE06D4A1B4F55BE006403F3 /* Release */ = {
			isa = XCBuildConfiguration;
			buildSettings = {
				ASSETCATALOG_COMPILER_APPICON_NAME = AppIcon;
				ASSETCATALOG_COMPILER_LAUNCHIMAGE_NAME = LaunchImage;
				INFOPLIST_FILE = "高仿美团HD/Info.plist";
				IPHONEOS_DEPLOYMENT_TARGET = 8.3;
				LD_RUNPATH_SEARCH_PATHS = "$(inherited) @executable_path/Frameworks";
				LIBRARY_SEARCH_PATHS = (
					"$(inherited)",
					"$(PROJECT_DIR)/高仿美团HD/Classes/Main(主要)/Lib/UMSocial_Sdk_4.2.3",
				);
				PRODUCT_NAME = "$(TARGET_NAME)";
			};
			name = Release;
		};
		7FE06D4C1B4F55BE006403F3 /* Debug */ = {
			isa = XCBuildConfiguration;
			buildSettings = {
				BUNDLE_LOADER = "$(TEST_HOST)";
				FRAMEWORK_SEARCH_PATHS = (
					"$(SDKROOT)/Developer/Library/Frameworks",
					"$(inherited)",
				);
				GCC_PREPROCESSOR_DEFINITIONS = (
					"DEBUG=1",
					"$(inherited)",
				);
				INFOPLIST_FILE = "高仿美团HDTests/Info.plist";
				LD_RUNPATH_SEARCH_PATHS = "$(inherited) @executable_path/Frameworks @loader_path/Frameworks";
				PRODUCT_NAME = "$(TARGET_NAME)";
				TEST_HOST = "$(BUILT_PRODUCTS_DIR)/高仿美团HD.app/高仿美团HD";
			};
			name = Debug;
		};
		7FE06D4D1B4F55BE006403F3 /* Release */ = {
			isa = XCBuildConfiguration;
			buildSettings = {
				BUNDLE_LOADER = "$(TEST_HOST)";
				FRAMEWORK_SEARCH_PATHS = (
					"$(SDKROOT)/Developer/Library/Frameworks",
					"$(inherited)",
				);
				INFOPLIST_FILE = "高仿美团HDTests/Info.plist";
				LD_RUNPATH_SEARCH_PATHS = "$(inherited) @executable_path/Frameworks @loader_path/Frameworks";
				PRODUCT_NAME = "$(TARGET_NAME)";
				TEST_HOST = "$(BUILT_PRODUCTS_DIR)/高仿美团HD.app/高仿美团HD";
			};
			name = Release;
		};
/* End XCBuildConfiguration section */

/* Begin XCConfigurationList section */
		7FE06D201B4F55BE006403F3 /* Build configuration list for PBXProject "高仿美团HD" */ = {
			isa = XCConfigurationList;
			buildConfigurations = (
				7FE06D461B4F55BE006403F3 /* Debug */,
				7FE06D471B4F55BE006403F3 /* Release */,
			);
			defaultConfigurationIsVisible = 0;
			defaultConfigurationName = Release;
		};
		7FE06D481B4F55BE006403F3 /* Build configuration list for PBXNativeTarget "高仿美团HD" */ = {
			isa = XCConfigurationList;
			buildConfigurations = (
				7FE06D491B4F55BE006403F3 /* Debug */,
				7FE06D4A1B4F55BE006403F3 /* Release */,
			);
			defaultConfigurationIsVisible = 0;
			defaultConfigurationName = Release;
		};
		7FE06D4B1B4F55BE006403F3 /* Build configuration list for PBXNativeTarget "高仿美团HDTests" */ = {
			isa = XCConfigurationList;
			buildConfigurations = (
				7FE06D4C1B4F55BE006403F3 /* Debug */,
				7FE06D4D1B4F55BE006403F3 /* Release */,
			);
			defaultConfigurationIsVisible = 0;
			defaultConfigurationName = Release;
		};
/* End XCConfigurationList section */
	};
	rootObject = 7FE06D1D1B4F55BE006403F3 /* Project object */;
}
