// !$*UTF8*$!
{
	archiveVersion = 1;
	classes = {
	};
	objectVersion = 46;
	objects = {

/* Begin PBXBuildFile section */
		7F450C7F1B4F7D6100A1CBB6 /* JSSHomeController.m in Sources */ = {isa = PBXBuildFile; fileRef = 7F450C6B1B4F7D6100A1CBB6 /* JSSHomeController.m */; };
		7F450C801B4F7D6100A1CBB6 /* JSSTopView.m in Sources */ = {isa = PBXBuildFile; fileRef = 7F450C6E1B4F7D6100A1CBB6 /* JSSTopView.m */; };
		7F450C811B4F7D6100A1CBB6 /* JSSTopView.xib in Resources */ = {isa = PBXBuildFile; fileRef = 7F450C6F1B4F7D6100A1CBB6 /* JSSTopView.xib */; };
		7F450C821B4F7D6100A1CBB6 /* UIBarButtonItem+Extension.m in Sources */ = {isa = PBXBuildFile; fileRef = 7F450C731B4F7D6100A1CBB6 /* UIBarButtonItem+Extension.m */; };
		7F450C831B4F7D6100A1CBB6 /* UIView+Extension.m in Sources */ = {isa = PBXBuildFile; fileRef = 7F450C751B4F7D6100A1CBB6 /* UIView+Extension.m */; };
		7F450C841B4F7D6100A1CBB6 /* JSSNavigationController.m in Sources */ = {isa = PBXBuildFile; fileRef = 7F450C781B4F7D6100A1CBB6 /* JSSNavigationController.m */; };
		7F450C851B4F7D6100A1CBB6 /* AppDelegate.m in Sources */ = {isa = PBXBuildFile; fileRef = 7F450C7B1B4F7D6100A1CBB6 /* AppDelegate.m */; };
		7F450C861B4F7D6100A1CBB6 /* JSSConst.m in Sources */ = {isa = PBXBuildFile; fileRef = 7F450C7D1B4F7D6100A1CBB6 /* JSSConst.m */; };
		7F450C871B4F7D6100A1CBB6 /* main.m in Sources */ = {isa = PBXBuildFile; fileRef = 7F450C7E1B4F7D6100A1CBB6 /* main.m */; };
		7F450C8A1B4F7DA200A1CBB6 /* JSSDropView.m in Sources */ = {isa = PBXBuildFile; fileRef = 7F450C891B4F7DA200A1CBB6 /* JSSDropView.m */; };
		7F450C8C1B4F7DB300A1CBB6 /* JSSDropView.xib in Resources */ = {isa = PBXBuildFile; fileRef = 7F450C8B1B4F7DB300A1CBB6 /* JSSDropView.xib */; };
		7F450C901B4FAE1100A1CBB6 /* JSSCategory.m in Sources */ = {isa = PBXBuildFile; fileRef = 7F450C8F1B4FAE1100A1CBB6 /* JSSCategory.m */; };
		7F450C961B4FAFE000A1CBB6 /* categories.plist in Resources */ = {isa = PBXBuildFile; fileRef = 7F450C921B4FAFE000A1CBB6 /* categories.plist */; };
		7F450C971B4FAFE000A1CBB6 /* cities.plist in Resources */ = {isa = PBXBuildFile; fileRef = 7F450C931B4FAFE000A1CBB6 /* cities.plist */; };
		7F450C981B4FAFE000A1CBB6 /* cityGroups.plist in Resources */ = {isa = PBXBuildFile; fileRef = 7F450C941B4FAFE000A1CBB6 /* cityGroups.plist */; };
		7F450C991B4FAFE000A1CBB6 /* sorts.plist in Resources */ = {isa = PBXBuildFile; fileRef = 7F450C951B4FAFE000A1CBB6 /* sorts.plist */; };
		7F450C9B1B4FB02700A1CBB6 /* Images.xcassets in Resources */ = {isa = PBXBuildFile; fileRef = 7F450C9A1B4FB02700A1CBB6 /* Images.xcassets */; };
		7F450CB51B4FB29600A1CBB6 /* MJArgument.m in Sources */ = {isa = PBXBuildFile; fileRef = 7F450C9F1B4FB29600A1CBB6 /* MJArgument.m */; };
		7F450CB61B4FB29600A1CBB6 /* MJConst.m in Sources */ = {isa = PBXBuildFile; fileRef = 7F450CA11B4FB29600A1CBB6 /* MJConst.m */; };
		7F450CB71B4FB29600A1CBB6 /* MJFoundation.m in Sources */ = {isa = PBXBuildFile; fileRef = 7F450CA41B4FB29600A1CBB6 /* MJFoundation.m */; };
		7F450CB81B4FB29600A1CBB6 /* MJIvar.m in Sources */ = {isa = PBXBuildFile; fileRef = 7F450CA61B4FB29600A1CBB6 /* MJIvar.m */; };
		7F450CB91B4FB29600A1CBB6 /* MJMember.m in Sources */ = {isa = PBXBuildFile; fileRef = 7F450CA81B4FB29600A1CBB6 /* MJMember.m */; };
		7F450CBA1B4FB29600A1CBB6 /* MJMethod.m in Sources */ = {isa = PBXBuildFile; fileRef = 7F450CAA1B4FB29600A1CBB6 /* MJMethod.m */; };
		7F450CBB1B4FB29600A1CBB6 /* MJType.m in Sources */ = {isa = PBXBuildFile; fileRef = 7F450CAC1B4FB29600A1CBB6 /* MJType.m */; };
		7F450CBC1B4FB29600A1CBB6 /* MJTypeEncoding.m in Sources */ = {isa = PBXBuildFile; fileRef = 7F450CAE1B4FB29600A1CBB6 /* MJTypeEncoding.m */; };
		7F450CBD1B4FB29600A1CBB6 /* NSObject+MJCoding.m in Sources */ = {isa = PBXBuildFile; fileRef = 7F450CB01B4FB29600A1CBB6 /* NSObject+MJCoding.m */; };
		7F450CBE1B4FB29600A1CBB6 /* NSObject+MJKeyValue.m in Sources */ = {isa = PBXBuildFile; fileRef = 7F450CB21B4FB29600A1CBB6 /* NSObject+MJKeyValue.m */; };
		7F450CBF1B4FB29600A1CBB6 /* NSObject+MJMember.m in Sources */ = {isa = PBXBuildFile; fileRef = 7F450CB41B4FB29600A1CBB6 /* NSObject+MJMember.m */; };
		7F450CC21B4FB35E00A1CBB6 /* JSSCategoryController.m in Sources */ = {isa = PBXBuildFile; fileRef = 7F450CC11B4FB35E00A1CBB6 /* JSSCategoryController.m */; };
		7F450CC51B4FD47700A1CBB6 /* JSSMainCell.m in Sources */ = {isa = PBXBuildFile; fileRef = 7F450CC41B4FD47700A1CBB6 /* JSSMainCell.m */; };
		7F450CC81B4FD48600A1CBB6 /* JSSSubCell.m in Sources */ = {isa = PBXBuildFile; fileRef = 7F450CC71B4FD48600A1CBB6 /* JSSSubCell.m */; };
		7F450CCC1B4FF41D00A1CBB6 /* JSSDistrictController.m in Sources */ = {isa = PBXBuildFile; fileRef = 7F450CCA1B4FF41D00A1CBB6 /* JSSDistrictController.m */; };
		7F450CCD1B4FF41D00A1CBB6 /* JSSDistrictController.xib in Resources */ = {isa = PBXBuildFile; fileRef = 7F450CCB1B4FF41D00A1CBB6 /* JSSDistrictController.xib */; };
		7F450CD11B4FFDB200A1CBB6 /* JSSCityController.m in Sources */ = {isa = PBXBuildFile; fileRef = 7F450CCF1B4FFDB200A1CBB6 /* JSSCityController.m */; };
		7F450CD21B4FFDB200A1CBB6 /* JSSCityController.xib in Resources */ = {isa = PBXBuildFile; fileRef = 7F450CD01B4FFDB200A1CBB6 /* JSSCityController.xib */; };
		7F450CD51B5001ED00A1CBB6 /* JSSCityGroup.m in Sources */ = {isa = PBXBuildFile; fileRef = 7F450CD41B5001ED00A1CBB6 /* JSSCityGroup.m */; };
		7FE06D451B4F55BE006403F3 /* ____HDTests.m in Sources */ = {isa = PBXBuildFile; fileRef = 7FE06D441B4F55BE006403F3 /* ____HDTests.m */; };
		7FFA0BE91B50C0DB00DEA357 /* JSSSearchController.m in Sources */ = {isa = PBXBuildFile; fileRef = 7FFA0BE81B50C0DB00DEA357 /* JSSSearchController.m */; };
		7FFA0BEC1B50C18D00DEA357 /* UIView+AutoLayout.m in Sources */ = {isa = PBXBuildFile; fileRef = 7FFA0BEB1B50C18D00DEA357 /* UIView+AutoLayout.m */; };
		7FFA0BEF1B50EF1900DEA357 /* JSSCity.m in Sources */ = {isa = PBXBuildFile; fileRef = 7FFA0BEE1B50EF1900DEA357 /* JSSCity.m */; };
		7FFA0BF21B50EFE600DEA357 /* JSSRegion.m in Sources */ = {isa = PBXBuildFile; fileRef = 7FFA0BF11B50EFE600DEA357 /* JSSRegion.m */; };
/* End PBXBuildFile section */

/* Begin PBXContainerItemProxy section */
		7FE06D3F1B4F55BE006403F3 /* PBXContainerItemProxy */ = {
			isa = PBXContainerItemProxy;
			containerPortal = 7FE06D1D1B4F55BE006403F3 /* Project object */;
			proxyType = 1;
			remoteGlobalIDString = 7FE06D241B4F55BE006403F3;
			remoteInfo = "高仿美团HD";
		};
/* End PBXContainerItemProxy section */

/* Begin PBXFileReference section */
		7F450C6A1B4F7D6100A1CBB6 /* JSSHomeController.h */ = {isa = PBXFileReference; fileEncoding = 4; lastKnownFileType = sourcecode.c.h; path = JSSHomeController.h; sourceTree = "<group>"; };
		7F450C6B1B4F7D6100A1CBB6 /* JSSHomeController.m */ = {isa = PBXFileReference; fileEncoding = 4; lastKnownFileType = sourcecode.c.objc; path = JSSHomeController.m; sourceTree = "<group>"; };
		7F450C6D1B4F7D6100A1CBB6 /* JSSTopView.h */ = {isa = PBXFileReference; fileEncoding = 4; lastKnownFileType = sourcecode.c.h; path = JSSTopView.h; sourceTree = "<group>"; };
		7F450C6E1B4F7D6100A1CBB6 /* JSSTopView.m */ = {isa = PBXFileReference; fileEncoding = 4; lastKnownFileType = sourcecode.c.objc; path = JSSTopView.m; sourceTree = "<group>"; };
		7F450C6F1B4F7D6100A1CBB6 /* JSSTopView.xib */ = {isa = PBXFileReference; fileEncoding = 4; lastKnownFileType = file.xib; path = JSSTopView.xib; sourceTree = "<group>"; };
		7F450C721B4F7D6100A1CBB6 /* UIBarButtonItem+Extension.h */ = {isa = PBXFileReference; fileEncoding = 4; lastKnownFileType = sourcecode.c.h; path = "UIBarButtonItem+Extension.h"; sourceTree = "<group>"; };
		7F450C731B4F7D6100A1CBB6 /* UIBarButtonItem+Extension.m */ = {isa = PBXFileReference; fileEncoding = 4; lastKnownFileType = sourcecode.c.objc; path = "UIBarButtonItem+Extension.m"; sourceTree = "<group>"; };
		7F450C741B4F7D6100A1CBB6 /* UIView+Extension.h */ = {isa = PBXFileReference; fileEncoding = 4; lastKnownFileType = sourcecode.c.h; path = "UIView+Extension.h"; sourceTree = "<group>"; };
		7F450C751B4F7D6100A1CBB6 /* UIView+Extension.m */ = {isa = PBXFileReference; fileEncoding = 4; lastKnownFileType = sourcecode.c.objc; path = "UIView+Extension.m"; sourceTree = "<group>"; };
		7F450C771B4F7D6100A1CBB6 /* JSSNavigationController.h */ = {isa = PBXFileReference; fileEncoding = 4; lastKnownFileType = sourcecode.c.h; path = JSSNavigationController.h; sourceTree = "<group>"; };
		7F450C781B4F7D6100A1CBB6 /* JSSNavigationController.m */ = {isa = PBXFileReference; fileEncoding = 4; lastKnownFileType = sourcecode.c.objc; path = JSSNavigationController.m; sourceTree = "<group>"; };
		7F450C7A1B4F7D6100A1CBB6 /* AppDelegate.h */ = {isa = PBXFileReference; fileEncoding = 4; lastKnownFileType = sourcecode.c.h; path = AppDelegate.h; sourceTree = "<group>"; };
		7F450C7B1B4F7D6100A1CBB6 /* AppDelegate.m */ = {isa = PBXFileReference; fileEncoding = 4; lastKnownFileType = sourcecode.c.objc; path = AppDelegate.m; sourceTree = "<group>"; };
		7F450C7C1B4F7D6100A1CBB6 /* JSSConst.h */ = {isa = PBXFileReference; fileEncoding = 4; lastKnownFileType = sourcecode.c.h; path = JSSConst.h; sourceTree = "<group>"; };
		7F450C7D1B4F7D6100A1CBB6 /* JSSConst.m */ = {isa = PBXFileReference; fileEncoding = 4; lastKnownFileType = sourcecode.c.objc; path = JSSConst.m; sourceTree = "<group>"; };
		7F450C7E1B4F7D6100A1CBB6 /* main.m */ = {isa = PBXFileReference; fileEncoding = 4; lastKnownFileType = sourcecode.c.objc; path = main.m; sourceTree = "<group>"; };
		7F450C881B4F7DA200A1CBB6 /* JSSDropView.h */ = {isa = PBXFileReference; fileEncoding = 4; lastKnownFileType = sourcecode.c.h; path = JSSDropView.h; sourceTree = "<group>"; };
		7F450C891B4F7DA200A1CBB6 /* JSSDropView.m */ = {isa = PBXFileReference; fileEncoding = 4; lastKnownFileType = sourcecode.c.objc; path = JSSDropView.m; sourceTree = "<group>"; };
		7F450C8B1B4F7DB300A1CBB6 /* JSSDropView.xib */ = {isa = PBXFileReference; fileEncoding = 4; lastKnownFileType = file.xib; path = JSSDropView.xib; sourceTree = "<group>"; };
		7F450C8E1B4FAE1100A1CBB6 /* JSSCategory.h */ = {isa = PBXFileReference; fileEncoding = 4; lastKnownFileType = sourcecode.c.h; path = JSSCategory.h; sourceTree = "<group>"; };
		7F450C8F1B4FAE1100A1CBB6 /* JSSCategory.m */ = {isa = PBXFileReference; fileEncoding = 4; lastKnownFileType = sourcecode.c.objc; path = JSSCategory.m; sourceTree = "<group>"; };
		7F450C921B4FAFE000A1CBB6 /* categories.plist */ = {isa = PBXFileReference; fileEncoding = 4; lastKnownFileType = text.plist.xml; path = categories.plist; sourceTree = "<group>"; };
		7F450C931B4FAFE000A1CBB6 /* cities.plist */ = {isa = PBXFileReference; fileEncoding = 4; lastKnownFileType = text.plist.xml; path = cities.plist; sourceTree = "<group>"; };
		7F450C941B4FAFE000A1CBB6 /* cityGroups.plist */ = {isa = PBXFileReference; fileEncoding = 4; lastKnownFileType = text.plist.xml; path = cityGroups.plist; sourceTree = "<group>"; };
		7F450C951B4FAFE000A1CBB6 /* sorts.plist */ = {isa = PBXFileReference; fileEncoding = 4; lastKnownFileType = text.plist.xml; path = sorts.plist; sourceTree = "<group>"; };
		7F450C9A1B4FB02700A1CBB6 /* Images.xcassets */ = {isa = PBXFileReference; lastKnownFileType = folder.assetcatalog; path = Images.xcassets; sourceTree = "<group>"; };
		7F450C9E1B4FB29600A1CBB6 /* MJArgument.h */ = {isa = PBXFileReference; fileEncoding = 4; lastKnownFileType = sourcecode.c.h; path = MJArgument.h; sourceTree = "<group>"; };
		7F450C9F1B4FB29600A1CBB6 /* MJArgument.m */ = {isa = PBXFileReference; fileEncoding = 4; lastKnownFileType = sourcecode.c.objc; path = MJArgument.m; sourceTree = "<group>"; };
		7F450CA01B4FB29600A1CBB6 /* MJConst.h */ = {isa = PBXFileReference; fileEncoding = 4; lastKnownFileType = sourcecode.c.h; path = MJConst.h; sourceTree = "<group>"; };
		7F450CA11B4FB29600A1CBB6 /* MJConst.m */ = {isa = PBXFileReference; fileEncoding = 4; lastKnownFileType = sourcecode.c.objc; path = MJConst.m; sourceTree = "<group>"; };
		7F450CA21B4FB29600A1CBB6 /* MJExtension.h */ = {isa = PBXFileReference; fileEncoding = 4; lastKnownFileType = sourcecode.c.h; path = MJExtension.h; sourceTree = "<group>"; };
		7F450CA31B4FB29600A1CBB6 /* MJFoundation.h */ = {isa = PBXFileReference; fileEncoding = 4; lastKnownFileType = sourcecode.c.h; path = MJFoundation.h; sourceTree = "<group>"; };
		7F450CA41B4FB29600A1CBB6 /* MJFoundation.m */ = {isa = PBXFileReference; fileEncoding = 4; lastKnownFileType = sourcecode.c.objc; path = MJFoundation.m; sourceTree = "<group>"; };
		7F450CA51B4FB29600A1CBB6 /* MJIvar.h */ = {isa = PBXFileReference; fileEncoding = 4; lastKnownFileType = sourcecode.c.h; path = MJIvar.h; sourceTree = "<group>"; };
		7F450CA61B4FB29600A1CBB6 /* MJIvar.m */ = {isa = PBXFileReference; fileEncoding = 4; lastKnownFileType = sourcecode.c.objc; path = MJIvar.m; sourceTree = "<group>"; };
		7F450CA71B4FB29600A1CBB6 /* MJMember.h */ = {isa = PBXFileReference; fileEncoding = 4; lastKnownFileType = sourcecode.c.h; path = MJMember.h; sourceTree = "<group>"; };
		7F450CA81B4FB29600A1CBB6 /* MJMember.m */ = {isa = PBXFileReference; fileEncoding = 4; lastKnownFileType = sourcecode.c.objc; path = MJMember.m; sourceTree = "<group>"; };
		7F450CA91B4FB29600A1CBB6 /* MJMethod.h */ = {isa = PBXFileReference; fileEncoding = 4; lastKnownFileType = sourcecode.c.h; path = MJMethod.h; sourceTree = "<group>"; };
		7F450CAA1B4FB29600A1CBB6 /* MJMethod.m */ = {isa = PBXFileReference; fileEncoding = 4; lastKnownFileType = sourcecode.c.objc; path = MJMethod.m; sourceTree = "<group>"; };
		7F450CAB1B4FB29600A1CBB6 /* MJType.h */ = {isa = PBXFileReference; fileEncoding = 4; lastKnownFileType = sourcecode.c.h; path = MJType.h; sourceTree = "<group>"; };
		7F450CAC1B4FB29600A1CBB6 /* MJType.m */ = {isa = PBXFileReference; fileEncoding = 4; lastKnownFileType = sourcecode.c.objc; path = MJType.m; sourceTree = "<group>"; };
		7F450CAD1B4FB29600A1CBB6 /* MJTypeEncoding.h */ = {isa = PBXFileReference; fileEncoding = 4; lastKnownFileType = sourcecode.c.h; path = MJTypeEncoding.h; sourceTree = "<group>"; };
		7F450CAE1B4FB29600A1CBB6 /* MJTypeEncoding.m */ = {isa = PBXFileReference; fileEncoding = 4; lastKnownFileType = sourcecode.c.objc; path = MJTypeEncoding.m; sourceTree = "<group>"; };
		7F450CAF1B4FB29600A1CBB6 /* NSObject+MJCoding.h */ = {isa = PBXFileReference; fileEncoding = 4; lastKnownFileType = sourcecode.c.h; path = "NSObject+MJCoding.h"; sourceTree = "<group>"; };
		7F450CB01B4FB29600A1CBB6 /* NSObject+MJCoding.m */ = {isa = PBXFileReference; fileEncoding = 4; lastKnownFileType = sourcecode.c.objc; path = "NSObject+MJCoding.m"; sourceTree = "<group>"; };
		7F450CB11B4FB29600A1CBB6 /* NSObject+MJKeyValue.h */ = {isa = PBXFileReference; fileEncoding = 4; lastKnownFileType = sourcecode.c.h; path = "NSObject+MJKeyValue.h"; sourceTree = "<group>"; };
		7F450CB21B4FB29600A1CBB6 /* NSObject+MJKeyValue.m */ = {isa = PBXFileReference; fileEncoding = 4; lastKnownFileType = sourcecode.c.objc; path = "NSObject+MJKeyValue.m"; sourceTree = "<group>"; };
		7F450CB31B4FB29600A1CBB6 /* NSObject+MJMember.h */ = {isa = PBXFileReference; fileEncoding = 4; lastKnownFileType = sourcecode.c.h; path = "NSObject+MJMember.h"; sourceTree = "<group>"; };
		7F450CB41B4FB29600A1CBB6 /* NSObject+MJMember.m */ = {isa = PBXFileReference; fileEncoding = 4; lastKnownFileType = sourcecode.c.objc; path = "NSObject+MJMember.m"; sourceTree = "<group>"; };
		7F450CC01B4FB35E00A1CBB6 /* JSSCategoryController.h */ = {isa = PBXFileReference; fileEncoding = 4; lastKnownFileType = sourcecode.c.h; path = JSSCategoryController.h; sourceTree = "<group>"; };
		7F450CC11B4FB35E00A1CBB6 /* JSSCategoryController.m */ = {isa = PBXFileReference; fileEncoding = 4; lastKnownFileType = sourcecode.c.objc; path = JSSCategoryController.m; sourceTree = "<group>"; };
		7F450CC31B4FD47700A1CBB6 /* JSSMainCell.h */ = {isa = PBXFileReference; fileEncoding = 4; lastKnownFileType = sourcecode.c.h; path = JSSMainCell.h; sourceTree = "<group>"; };
		7F450CC41B4FD47700A1CBB6 /* JSSMainCell.m */ = {isa = PBXFileReference; fileEncoding = 4; lastKnownFileType = sourcecode.c.objc; path = JSSMainCell.m; sourceTree = "<group>"; };
		7F450CC61B4FD48600A1CBB6 /* JSSSubCell.h */ = {isa = PBXFileReference; fileEncoding = 4; lastKnownFileType = sourcecode.c.h; path = JSSSubCell.h; sourceTree = "<group>"; };
		7F450CC71B4FD48600A1CBB6 /* JSSSubCell.m */ = {isa = PBXFileReference; fileEncoding = 4; lastKnownFileType = sourcecode.c.objc; path = JSSSubCell.m; sourceTree = "<group>"; };
		7F450CC91B4FF41D00A1CBB6 /* JSSDistrictController.h */ = {isa = PBXFileReference; fileEncoding = 4; lastKnownFileType = sourcecode.c.h; path = JSSDistrictController.h; sourceTree = "<group>"; };
		7F450CCA1B4FF41D00A1CBB6 /* JSSDistrictController.m */ = {isa = PBXFileReference; fileEncoding = 4; lastKnownFileType = sourcecode.c.objc; path = JSSDistrictController.m; sourceTree = "<group>"; };
		7F450CCB1B4FF41D00A1CBB6 /* JSSDistrictController.xib */ = {isa = PBXFileReference; fileEncoding = 4; lastKnownFileType = file.xib; path = JSSDistrictController.xib; sourceTree = "<group>"; };
		7F450CCE1B4FFDB200A1CBB6 /* JSSCityController.h */ = {isa = PBXFileReference; fileEncoding = 4; lastKnownFileType = sourcecode.c.h; path = JSSCityController.h; sourceTree = "<group>"; };
		7F450CCF1B4FFDB200A1CBB6 /* JSSCityController.m */ = {isa = PBXFileReference; fileEncoding = 4; lastKnownFileType = sourcecode.c.objc; path = JSSCityController.m; sourceTree = "<group>"; };
		7F450CD01B4FFDB200A1CBB6 /* JSSCityController.xib */ = {isa = PBXFileReference; fileEncoding = 4; lastKnownFileType = file.xib; path = JSSCityController.xib; sourceTree = "<group>"; };
		7F450CD31B5001ED00A1CBB6 /* JSSCityGroup.h */ = {isa = PBXFileReference; fileEncoding = 4; lastKnownFileType = sourcecode.c.h; path = JSSCityGroup.h; sourceTree = "<group>"; };
		7F450CD41B5001ED00A1CBB6 /* JSSCityGroup.m */ = {isa = PBXFileReference; fileEncoding = 4; lastKnownFileType = sourcecode.c.objc; path = JSSCityGroup.m; sourceTree = "<group>"; };
		7FE06D251B4F55BE006403F3 /* 高仿美团HD.app */ = {isa = PBXFileReference; explicitFileType = wrapper.application; includeInIndex = 0; path = "高仿美团HD.app"; sourceTree = BUILT_PRODUCTS_DIR; };
		7FE06D291B4F55BE006403F3 /* Info.plist */ = {isa = PBXFileReference; lastKnownFileType = text.plist.xml; path = Info.plist; sourceTree = "<group>"; };
		7FE06D3E1B4F55BE006403F3 /* 高仿美团HDTests.xctest */ = {isa = PBXFileReference; explicitFileType = wrapper.cfbundle; includeInIndex = 0; path = "高仿美团HDTests.xctest"; sourceTree = BUILT_PRODUCTS_DIR; };
		7FE06D431B4F55BE006403F3 /* Info.plist */ = {isa = PBXFileReference; lastKnownFileType = text.plist.xml; path = Info.plist; sourceTree = "<group>"; };
		7FE06D441B4F55BE006403F3 /* ____HDTests.m */ = {isa = PBXFileReference; lastKnownFileType = sourcecode.c.objc; path = "____HDTests.m"; sourceTree = "<group>"; };
		7FFA0BE71B50C0DB00DEA357 /* JSSSearchController.h */ = {isa = PBXFileReference; fileEncoding = 4; lastKnownFileType = sourcecode.c.h; path = JSSSearchController.h; sourceTree = "<group>"; };
		7FFA0BE81B50C0DB00DEA357 /* JSSSearchController.m */ = {isa = PBXFileReference; fileEncoding = 4; lastKnownFileType = sourcecode.c.objc; path = JSSSearchController.m; sourceTree = "<group>"; };
		7FFA0BEA1B50C17E00DEA357 /* UIView+AutoLayout.h */ = {isa = PBXFileReference; fileEncoding = 4; lastKnownFileType = sourcecode.c.h; path = "UIView+AutoLayout.h"; sourceTree = "<group>"; };
		7FFA0BEB1B50C18D00DEA357 /* UIView+AutoLayout.m */ = {isa = PBXFileReference; fileEncoding = 4; lastKnownFileType = sourcecode.c.objc; path = "UIView+AutoLayout.m"; sourceTree = "<group>"; };
		7FFA0BED1B50EF1900DEA357 /* JSSCity.h */ = {isa = PBXFileReference; fileEncoding = 4; lastKnownFileType = sourcecode.c.h; path = JSSCity.h; sourceTree = "<group>"; };
		7FFA0BEE1B50EF1900DEA357 /* JSSCity.m */ = {isa = PBXFileReference; fileEncoding = 4; lastKnownFileType = sourcecode.c.objc; path = JSSCity.m; sourceTree = "<group>"; };
		7FFA0BF01B50EFE600DEA357 /* JSSRegion.h */ = {isa = PBXFileReference; fileEncoding = 4; lastKnownFileType = sourcecode.c.h; path = JSSRegion.h; sourceTree = "<group>"; };
		7FFA0BF11B50EFE600DEA357 /* JSSRegion.m */ = {isa = PBXFileReference; fileEncoding = 4; lastKnownFileType = sourcecode.c.objc; path = JSSRegion.m; sourceTree = "<group>"; };
/* End PBXFileReference section */

/* Begin PBXFrameworksBuildPhase section */
		7FE06D221B4F55BE006403F3 /* Frameworks */ = {
			isa = PBXFrameworksBuildPhase;
			buildActionMask = 2147483647;
			files = (
			);
			runOnlyForDeploymentPostprocessing = 0;
		};
		7FE06D3B1B4F55BE006403F3 /* Frameworks */ = {
			isa = PBXFrameworksBuildPhase;
			buildActionMask = 2147483647;
			files = (
			);
			runOnlyForDeploymentPostprocessing = 0;
		};
/* End PBXFrameworksBuildPhase section */

/* Begin PBXGroup section */
		7F450C671B4F7D6100A1CBB6 /* Classes */ = {
			isa = PBXGroup;
			children = (
				7F450C681B4F7D6100A1CBB6 /* Home(主页) */,
				7F450C701B4F7D6100A1CBB6 /* Main(主要) */,
			);
			path = Classes;
			sourceTree = "<group>";
		};
		7F450C681B4F7D6100A1CBB6 /* Home(主页) */ = {
			isa = PBXGroup;
			children = (
				7F450C8D1B4FADFF00A1CBB6 /* Model */,
				7F450C691B4F7D6100A1CBB6 /* Controller */,
				7F450C6C1B4F7D6100A1CBB6 /* View */,
			);
			path = "Home(主页)";
			sourceTree = "<group>";
		};
		7F450C691B4F7D6100A1CBB6 /* Controller */ = {
			isa = PBXGroup;
			children = (
				7F450C6A1B4F7D6100A1CBB6 /* JSSHomeController.h */,
				7F450C6B1B4F7D6100A1CBB6 /* JSSHomeController.m */,
				7F450CC01B4FB35E00A1CBB6 /* JSSCategoryController.h */,
				7F450CC11B4FB35E00A1CBB6 /* JSSCategoryController.m */,
				7F450CC91B4FF41D00A1CBB6 /* JSSDistrictController.h */,
				7F450CCA1B4FF41D00A1CBB6 /* JSSDistrictController.m */,
				7F450CCB1B4FF41D00A1CBB6 /* JSSDistrictController.xib */,
				7F450CCE1B4FFDB200A1CBB6 /* JSSCityController.h */,
				7F450CCF1B4FFDB200A1CBB6 /* JSSCityController.m */,
				7F450CD01B4FFDB200A1CBB6 /* JSSCityController.xib */,
				7FFA0BE71B50C0DB00DEA357 /* JSSSearchController.h */,
				7FFA0BE81B50C0DB00DEA357 /* JSSSearchController.m */,
			);
			path = Controller;
			sourceTree = "<group>";
		};
		7F450C6C1B4F7D6100A1CBB6 /* View */ = {
			isa = PBXGroup;
			children = (
				7F450C6D1B4F7D6100A1CBB6 /* JSSTopView.h */,
				7F450C6E1B4F7D6100A1CBB6 /* JSSTopView.m */,
				7F450C6F1B4F7D6100A1CBB6 /* JSSTopView.xib */,
				7F450C881B4F7DA200A1CBB6 /* JSSDropView.h */,
				7F450C891B4F7DA200A1CBB6 /* JSSDropView.m */,
				7F450C8B1B4F7DB300A1CBB6 /* JSSDropView.xib */,
				7F450CC31B4FD47700A1CBB6 /* JSSMainCell.h */,
				7F450CC41B4FD47700A1CBB6 /* JSSMainCell.m */,
				7F450CC61B4FD48600A1CBB6 /* JSSSubCell.h */,
				7F450CC71B4FD48600A1CBB6 /* JSSSubCell.m */,
			);
			path = View;
			sourceTree = "<group>";
		};
		7F450C701B4F7D6100A1CBB6 /* Main(主要) */ = {
			isa = PBXGroup;
			children = (
				7F450C9C1B4FB27C00A1CBB6 /* Lib */,
				7F450C711B4F7D6100A1CBB6 /* Category */,
				7F450C761B4F7D6100A1CBB6 /* Controller */,
				7F450C791B4F7D6100A1CBB6 /* Other */,
			);
			path = "Main(主要)";
			sourceTree = "<group>";
		};
		7F450C711B4F7D6100A1CBB6 /* Category */ = {
			isa = PBXGroup;
			children = (
				7FFA0BEA1B50C17E00DEA357 /* UIView+AutoLayout.h */,
				7FFA0BEB1B50C18D00DEA357 /* UIView+AutoLayout.m */,
				7F450C721B4F7D6100A1CBB6 /* UIBarButtonItem+Extension.h */,
				7F450C731B4F7D6100A1CBB6 /* UIBarButtonItem+Extension.m */,
				7F450C741B4F7D6100A1CBB6 /* UIView+Extension.h */,
				7F450C751B4F7D6100A1CBB6 /* UIView+Extension.m */,
			);
			path = Category;
			sourceTree = "<group>";
		};
		7F450C761B4F7D6100A1CBB6 /* Controller */ = {
			isa = PBXGroup;
			children = (
				7F450C771B4F7D6100A1CBB6 /* JSSNavigationController.h */,
				7F450C781B4F7D6100A1CBB6 /* JSSNavigationController.m */,
			);
			path = Controller;
			sourceTree = "<group>";
		};
		7F450C791B4F7D6100A1CBB6 /* Other */ = {
			isa = PBXGroup;
			children = (
				7F450C7A1B4F7D6100A1CBB6 /* AppDelegate.h */,
				7F450C7B1B4F7D6100A1CBB6 /* AppDelegate.m */,
				7F450C7C1B4F7D6100A1CBB6 /* JSSConst.h */,
				7F450C7D1B4F7D6100A1CBB6 /* JSSConst.m */,
				7F450C7E1B4F7D6100A1CBB6 /* main.m */,
			);
			path = Other;
			sourceTree = "<group>";
		};
		7F450C8D1B4FADFF00A1CBB6 /* Model */ = {
			isa = PBXGroup;
			children = (
				7F450C8E1B4FAE1100A1CBB6 /* JSSCategory.h */,
				7F450C8F1B4FAE1100A1CBB6 /* JSSCategory.m */,
				7F450CD31B5001ED00A1CBB6 /* JSSCityGroup.h */,
				7F450CD41B5001ED00A1CBB6 /* JSSCityGroup.m */,
				7FFA0BED1B50EF1900DEA357 /* JSSCity.h */,
				7FFA0BEE1B50EF1900DEA357 /* JSSCity.m */,
				7FFA0BF01B50EFE600DEA357 /* JSSRegion.h */,
				7FFA0BF11B50EFE600DEA357 /* JSSRegion.m */,
			);
			path = Model;
			sourceTree = "<group>";
		};
		7F450C911B4FAFE000A1CBB6 /* Plist */ = {
			isa = PBXGroup;
			children = (
				7F450C921B4FAFE000A1CBB6 /* categories.plist */,
				7F450C931B4FAFE000A1CBB6 /* cities.plist */,
				7F450C941B4FAFE000A1CBB6 /* cityGroups.plist */,
				7F450C951B4FAFE000A1CBB6 /* sorts.plist */,
			);
			path = Plist;
			sourceTree = "<group>";
		};
		7F450C9C1B4FB27C00A1CBB6 /* Lib */ = {
			isa = PBXGroup;
			children = (
				7F450C9D1B4FB29600A1CBB6 /* MJExtension */,
			);
			path = Lib;
			sourceTree = "<group>";
		};
		7F450C9D1B4FB29600A1CBB6 /* MJExtension */ = {
			isa = PBXGroup;
			children = (
				7F450C9E1B4FB29600A1CBB6 /* MJArgument.h */,
				7F450C9F1B4FB29600A1CBB6 /* MJArgument.m */,
				7F450CA01B4FB29600A1CBB6 /* MJConst.h */,
				7F450CA11B4FB29600A1CBB6 /* MJConst.m */,
				7F450CA21B4FB29600A1CBB6 /* MJExtension.h */,
				7F450CA31B4FB29600A1CBB6 /* MJFoundation.h */,
				7F450CA41B4FB29600A1CBB6 /* MJFoundation.m */,
				7F450CA51B4FB29600A1CBB6 /* MJIvar.h */,
				7F450CA61B4FB29600A1CBB6 /* MJIvar.m */,
				7F450CA71B4FB29600A1CBB6 /* MJMember.h */,
				7F450CA81B4FB29600A1CBB6 /* MJMember.m */,
				7F450CA91B4FB29600A1CBB6 /* MJMethod.h */,
				7F450CAA1B4FB29600A1CBB6 /* MJMethod.m */,
				7F450CAB1B4FB29600A1CBB6 /* MJType.h */,
				7F450CAC1B4FB29600A1CBB6 /* MJType.m */,
				7F450CAD1B4FB29600A1CBB6 /* MJTypeEncoding.h */,
				7F450CAE1B4FB29600A1CBB6 /* MJTypeEncoding.m */,
				7F450CAF1B4FB29600A1CBB6 /* NSObject+MJCoding.h */,
				7F450CB01B4FB29600A1CBB6 /* NSObject+MJCoding.m */,
				7F450CB11B4FB29600A1CBB6 /* NSObject+MJKeyValue.h */,
				7F450CB21B4FB29600A1CBB6 /* NSObject+MJKeyValue.m */,
				7F450CB31B4FB29600A1CBB6 /* NSObject+MJMember.h */,
				7F450CB41B4FB29600A1CBB6 /* NSObject+MJMember.m */,
			);
			path = MJExtension;
			sourceTree = "<group>";
		};
		7FE06D1C1B4F55BE006403F3 = {
			isa = PBXGroup;
			children = (
				7FE06D271B4F55BE006403F3 /* 高仿美团HD */,
				7FE06D411B4F55BE006403F3 /* 高仿美团HDTests */,
				7FE06D261B4F55BE006403F3 /* Products */,
			);
			sourceTree = "<group>";
		};
		7FE06D261B4F55BE006403F3 /* Products */ = {
			isa = PBXGroup;
			children = (
				7FE06D251B4F55BE006403F3 /* 高仿美团HD.app */,
				7FE06D3E1B4F55BE006403F3 /* 高仿美团HDTests.xctest */,
			);
			name = Products;
			sourceTree = "<group>";
		};
		7FE06D271B4F55BE006403F3 /* 高仿美团HD */ = {
			isa = PBXGroup;
			children = (
				7F450C671B4F7D6100A1CBB6 /* Classes */,
				7FE06D281B4F55BE006403F3 /* Supporting Files */,
			);
			path = "高仿美团HD";
			sourceTree = "<group>";
		};
		7FE06D281B4F55BE006403F3 /* Supporting Files */ = {
			isa = PBXGroup;
			children = (
				7F450C9A1B4FB02700A1CBB6 /* Images.xcassets */,
				7F450C911B4FAFE000A1CBB6 /* Plist */,
				7FE06D291B4F55BE006403F3 /* Info.plist */,
			);
			name = "Supporting Files";
			sourceTree = "<group>";
		};
		7FE06D411B4F55BE006403F3 /* 高仿美团HDTests */ = {
			isa = PBXGroup;
			children = (
				7FE06D441B4F55BE006403F3 /* ____HDTests.m */,
				7FE06D421B4F55BE006403F3 /* Supporting Files */,
			);
			path = "高仿美团HDTests";
			sourceTree = "<group>";
		};
		7FE06D421B4F55BE006403F3 /* Supporting Files */ = {
			isa = PBXGroup;
			children = (
				7FE06D431B4F55BE006403F3 /* Info.plist */,
			);
			name = "Supporting Files";
			sourceTree = "<group>";
		};
/* End PBXGroup section */

/* Begin PBXNativeTarget section */
		7FE06D241B4F55BE006403F3 /* 高仿美团HD */ = {
			isa = PBXNativeTarget;
			buildConfigurationList = 7FE06D481B4F55BE006403F3 /* Build configuration list for PBXNativeTarget "高仿美团HD" */;
			buildPhases = (
				7FE06D211B4F55BE006403F3 /* Sources */,
				7FE06D221B4F55BE006403F3 /* Frameworks */,
				7FE06D231B4F55BE006403F3 /* Resources */,
			);
			buildRules = (
			);
			dependencies = (
			);
			name = "高仿美团HD";
			productName = "高仿美团HD";
			productReference = 7FE06D251B4F55BE006403F3 /* 高仿美团HD.app */;
			productType = "com.apple.product-type.application";
		};
		7FE06D3D1B4F55BE006403F3 /* 高仿美团HDTests */ = {
			isa = PBXNativeTarget;
			buildConfigurationList = 7FE06D4B1B4F55BE006403F3 /* Build configuration list for PBXNativeTarget "高仿美团HDTests" */;
			buildPhases = (
				7FE06D3A1B4F55BE006403F3 /* Sources */,
				7FE06D3B1B4F55BE006403F3 /* Frameworks */,
				7FE06D3C1B4F55BE006403F3 /* Resources */,
			);
			buildRules = (
			);
			dependencies = (
				7FE06D401B4F55BE006403F3 /* PBXTargetDependency */,
			);
			name = "高仿美团HDTests";
			productName = "高仿美团HDTests";
			productReference = 7FE06D3E1B4F55BE006403F3 /* 高仿美团HDTests.xctest */;
			productType = "com.apple.product-type.bundle.unit-test";
		};
/* End PBXNativeTarget section */

/* Begin PBXProject section */
		7FE06D1D1B4F55BE006403F3 /* Project object */ = {
			isa = PBXProject;
			attributes = {
				CLASSPREFIX = JSS;
				LastUpgradeCheck = 0630;
				ORGANIZATIONNAME = JiShangsong;
				TargetAttributes = {
					7FE06D241B4F55BE006403F3 = {
						CreatedOnToolsVersion = 6.3.1;
					};
					7FE06D3D1B4F55BE006403F3 = {
						CreatedOnToolsVersion = 6.3.1;
						TestTargetID = 7FE06D241B4F55BE006403F3;
					};
				};
			};
			buildConfigurationList = 7FE06D201B4F55BE006403F3 /* Build configuration list for PBXProject "高仿美团HD" */;
			compatibilityVersion = "Xcode 3.2";
			developmentRegion = English;
			hasScannedForEncodings = 0;
			knownRegions = (
				en,
				Base,
			);
			mainGroup = 7FE06D1C1B4F55BE006403F3;
			productRefGroup = 7FE06D261B4F55BE006403F3 /* Products */;
			projectDirPath = "";
			projectRoot = "";
			targets = (
				7FE06D241B4F55BE006403F3 /* 高仿美团HD */,
				7FE06D3D1B4F55BE006403F3 /* 高仿美团HDTests */,
			);
		};
/* End PBXProject section */

/* Begin PBXResourcesBuildPhase section */
		7FE06D231B4F55BE006403F3 /* Resources */ = {
			isa = PBXResourcesBuildPhase;
			buildActionMask = 2147483647;
			files = (
				7F450CD21B4FFDB200A1CBB6 /* JSSCityController.xib in Resources */,
				7F450C961B4FAFE000A1CBB6 /* categories.plist in Resources */,
				7F450C8C1B4F7DB300A1CBB6 /* JSSDropView.xib in Resources */,
				7F450C9B1B4FB02700A1CBB6 /* Images.xcassets in Resources */,
				7F450C991B4FAFE000A1CBB6 /* sorts.plist in Resources */,
				7F450CCD1B4FF41D00A1CBB6 /* JSSDistrictController.xib in Resources */,
				7F450C971B4FAFE000A1CBB6 /* cities.plist in Resources */,
				7F450C811B4F7D6100A1CBB6 /* JSSTopView.xib in Resources */,
				7F450C981B4FAFE000A1CBB6 /* cityGroups.plist in Resources */,
			);
			runOnlyForDeploymentPostprocessing = 0;
		};
		7FE06D3C1B4F55BE006403F3 /* Resources */ = {
			isa = PBXResourcesBuildPhase;
			buildActionMask = 2147483647;
			files = (
			);
			runOnlyForDeploymentPostprocessing = 0;
		};
/* End PBXResourcesBuildPhase section */

/* Begin PBXSourcesBuildPhase section */
		7FE06D211B4F55BE006403F3 /* Sources */ = {
			isa = PBXSourcesBuildPhase;
			buildActionMask = 2147483647;
			files = (
				7F450CB51B4FB29600A1CBB6 /* MJArgument.m in Sources */,
				7F450CC81B4FD48600A1CBB6 /* JSSSubCell.m in Sources */,
				7F450CBC1B4FB29600A1CBB6 /* MJTypeEncoding.m in Sources */,
				7F450C901B4FAE1100A1CBB6 /* JSSCategory.m in Sources */,
				7F450CD51B5001ED00A1CBB6 /* JSSCityGroup.m in Sources */,
				7F450CB81B4FB29600A1CBB6 /* MJIvar.m in Sources */,
				7F450CC51B4FD47700A1CBB6 /* JSSMainCell.m in Sources */,
				7F450C841B4F7D6100A1CBB6 /* JSSNavigationController.m in Sources */,
				7F450C871B4F7D6100A1CBB6 /* main.m in Sources */,
				7F450C861B4F7D6100A1CBB6 /* JSSConst.m in Sources */,
				7FFA0BE91B50C0DB00DEA357 /* JSSSearchController.m in Sources */,
				7F450CCC1B4FF41D00A1CBB6 /* JSSDistrictController.m in Sources */,
				7F450C851B4F7D6100A1CBB6 /* AppDelegate.m in Sources */,
				7F450CBE1B4FB29600A1CBB6 /* NSObject+MJKeyValue.m in Sources */,
				7F450C831B4F7D6100A1CBB6 /* UIView+Extension.m in Sources */,
				7F450CB71B4FB29600A1CBB6 /* MJFoundation.m in Sources */,
				7F450C821B4F7D6100A1CBB6 /* UIBarButtonItem+Extension.m in Sources */,
				7F450C7F1B4F7D6100A1CBB6 /* JSSHomeController.m in Sources */,
				7F450CBF1B4FB29600A1CBB6 /* NSObject+MJMember.m in Sources */,
				7F450C8A1B4F7DA200A1CBB6 /* JSSDropView.m in Sources */,
				7F450CBB1B4FB29600A1CBB6 /* MJType.m in Sources */,
				7FFA0BEC1B50C18D00DEA357 /* UIView+AutoLayout.m in Sources */,
				7F450CB61B4FB29600A1CBB6 /* MJConst.m in Sources */,
				7FFA0BEF1B50EF1900DEA357 /* JSSCity.m in Sources */,
				7F450CC21B4FB35E00A1CBB6 /* JSSCategoryController.m in Sources */,
				7FFA0BF21B50EFE600DEA357 /* JSSRegion.m in Sources */,
				7F450CBD1B4FB29600A1CBB6 /* NSObject+MJCoding.m in Sources */,
				7F450CBA1B4FB29600A1CBB6 /* MJMethod.m in Sources */,
				7F450CD11B4FFDB200A1CBB6 /* JSSCityController.m in Sources */,
				7F450CB91B4FB29600A1CBB6 /* MJMember.m in Sources */,
				7F450C801B4F7D6100A1CBB6 /* JSSTopView.m in Sources */,
			);
			runOnlyForDeploymentPostprocessing = 0;
		};
		7FE06D3A1B4F55BE006403F3 /* Sources */ = {
			isa = PBXSourcesBuildPhase;
			buildActionMask = 2147483647;
			files = (
				7FE06D451B4F55BE006403F3 /* ____HDTests.m in Sources */,
			);
			runOnlyForDeploymentPostprocessing = 0;
		};
/* End PBXSourcesBuildPhase section */

/* Begin PBXTargetDependency section */
		7FE06D401B4F55BE006403F3 /* PBXTargetDependency */ = {
			isa = PBXTargetDependency;
			target = 7FE06D241B4F55BE006403F3 /* 高仿美团HD */;
			targetProxy = 7FE06D3F1B4F55BE006403F3 /* PBXContainerItemProxy */;
		};
/* End PBXTargetDependency section */

/* Begin XCBuildConfiguration section */
		7FE06D461B4F55BE006403F3 /* Debug */ = {
			isa = XCBuildConfiguration;
			buildSettings = {
				ALWAYS_SEARCH_USER_PATHS = NO;
				CLANG_CXX_LANGUAGE_STANDARD = "gnu++0x";
				CLANG_CXX_LIBRARY = "libc++";
				CLANG_ENABLE_MODULES = YES;
				CLANG_ENABLE_OBJC_ARC = YES;
				CLANG_WARN_BOOL_CONVERSION = YES;
				CLANG_WARN_CONSTANT_CONVERSION = YES;
				CLANG_WARN_DIRECT_OBJC_ISA_USAGE = YES_ERROR;
				CLANG_WARN_EMPTY_BODY = YES;
				CLANG_WARN_ENUM_CONVERSION = YES;
				CLANG_WARN_INT_CONVERSION = YES;
				CLANG_WARN_OBJC_ROOT_CLASS = YES_ERROR;
				CLANG_WARN_UNREACHABLE_CODE = YES;
				CLANG_WARN__DUPLICATE_METHOD_MATCH = YES;
				"CODE_SIGN_IDENTITY[sdk=iphoneos*]" = "iPhone Developer";
				COPY_PHASE_STRIP = NO;
				DEBUG_INFORMATION_FORMAT = "dwarf-with-dsym";
				ENABLE_STRICT_OBJC_MSGSEND = YES;
				GCC_C_LANGUAGE_STANDARD = gnu99;
				GCC_DYNAMIC_NO_PIC = NO;
				GCC_NO_COMMON_BLOCKS = YES;
				GCC_OPTIMIZATION_LEVEL = 0;
				GCC_PREPROCESSOR_DEFINITIONS = (
					"DEBUG=1",
					"$(inherited)",
				);
				GCC_SYMBOLS_PRIVATE_EXTERN = NO;
				GCC_WARN_64_TO_32_BIT_CONVERSION = YES;
				GCC_WARN_ABOUT_RETURN_TYPE = YES_ERROR;
				GCC_WARN_UNDECLARED_SELECTOR = YES;
				GCC_WARN_UNINITIALIZED_AUTOS = YES_AGGRESSIVE;
				GCC_WARN_UNUSED_FUNCTION = YES;
				GCC_WARN_UNUSED_VARIABLE = YES;
				IPHONEOS_DEPLOYMENT_TARGET = 8.3;
				MTL_ENABLE_DEBUG_INFO = YES;
				ONLY_ACTIVE_ARCH = YES;
				SDKROOT = iphoneos;
				TARGETED_DEVICE_FAMILY = 2;
			};
			name = Debug;
		};
		7FE06D471B4F55BE006403F3 /* Release */ = {
			isa = XCBuildConfiguration;
			buildSettings = {
				ALWAYS_SEARCH_USER_PATHS = NO;
				CLANG_CXX_LANGUAGE_STANDARD = "gnu++0x";
				CLANG_CXX_LIBRARY = "libc++";
				CLANG_ENABLE_MODULES = YES;
				CLANG_ENABLE_OBJC_ARC = YES;
				CLANG_WARN_BOOL_CONVERSION = YES;
				CLANG_WARN_CONSTANT_CONVERSION = YES;
				CLANG_WARN_DIRECT_OBJC_ISA_USAGE = YES_ERROR;
				CLANG_WARN_EMPTY_BODY = YES;
				CLANG_WARN_ENUM_CONVERSION = YES;
				CLANG_WARN_INT_CONVERSION = YES;
				CLANG_WARN_OBJC_ROOT_CLASS = YES_ERROR;
				CLANG_WARN_UNREACHABLE_CODE = YES;
				CLANG_WARN__DUPLICATE_METHOD_MATCH = YES;
				"CODE_SIGN_IDENTITY[sdk=iphoneos*]" = "iPhone Developer";
				COPY_PHASE_STRIP = NO;
				DEBUG_INFORMATION_FORMAT = "dwarf-with-dsym";
				ENABLE_NS_ASSERTIONS = NO;
				ENABLE_STRICT_OBJC_MSGSEND = YES;
				GCC_C_LANGUAGE_STANDARD = gnu99;
				GCC_NO_COMMON_BLOCKS = YES;
				GCC_WARN_64_TO_32_BIT_CONVERSION = YES;
				GCC_WARN_ABOUT_RETURN_TYPE = YES_ERROR;
				GCC_WARN_UNDECLARED_SELECTOR = YES;
				GCC_WARN_UNINITIALIZED_AUTOS = YES_AGGRESSIVE;
				GCC_WARN_UNUSED_FUNCTION = YES;
				GCC_WARN_UNUSED_VARIABLE = YES;
				IPHONEOS_DEPLOYMENT_TARGET = 8.3;
				MTL_ENABLE_DEBUG_INFO = NO;
				SDKROOT = iphoneos;
				TARGETED_DEVICE_FAMILY = 2;
				VALIDATE_PRODUCT = YES;
			};
			name = Release;
		};
		7FE06D491B4F55BE006403F3 /* Debug */ = {
			isa = XCBuildConfiguration;
			buildSettings = {
				ASSETCATALOG_COMPILER_APPICON_NAME = AppIcon;
				ASSETCATALOG_COMPILER_LAUNCHIMAGE_NAME = LaunchImage;
				INFOPLIST_FILE = "高仿美团HD/Info.plist";
				LD_RUNPATH_SEARCH_PATHS = "$(inherited) @executable_path/Frameworks";
				PRODUCT_NAME = "$(TARGET_NAME)";
			};
			name = Debug;
		};
		7FE06D4A1B4F55BE006403F3 /* Release */ = {
			isa = XCBuildConfiguration;
			buildSettings = {
				ASSETCATALOG_COMPILER_APPICON_NAME = AppIcon;
				ASSETCATALOG_COMPILER_LAUNCHIMAGE_NAME = LaunchImage;
				INFOPLIST_FILE = "高仿美团HD/Info.plist";
				LD_RUNPATH_SEARCH_PATHS = "$(inherited) @executable_path/Frameworks";
				PRODUCT_NAME = "$(TARGET_NAME)";
			};
			name = Release;
		};
		7FE06D4C1B4F55BE006403F3 /* Debug */ = {
			isa = XCBuildConfiguration;
			buildSettings = {
				BUNDLE_LOADER = "$(TEST_HOST)";
				FRAMEWORK_SEARCH_PATHS = (
					"$(SDKROOT)/Developer/Library/Frameworks",
					"$(inherited)",
				);
				GCC_PREPROCESSOR_DEFINITIONS = (
					"DEBUG=1",
					"$(inherited)",
				);
				INFOPLIST_FILE = "高仿美团HDTests/Info.plist";
				LD_RUNPATH_SEARCH_PATHS = "$(inherited) @executable_path/Frameworks @loader_path/Frameworks";
				PRODUCT_NAME = "$(TARGET_NAME)";
				TEST_HOST = "$(BUILT_PRODUCTS_DIR)/高仿美团HD.app/高仿美团HD";
			};
			name = Debug;
		};
		7FE06D4D1B4F55BE006403F3 /* Release */ = {
			isa = XCBuildConfiguration;
			buildSettings = {
				BUNDLE_LOADER = "$(TEST_HOST)";
				FRAMEWORK_SEARCH_PATHS = (
					"$(SDKROOT)/Developer/Library/Frameworks",
					"$(inherited)",
				);
				INFOPLIST_FILE = "高仿美团HDTests/Info.plist";
				LD_RUNPATH_SEARCH_PATHS = "$(inherited) @executable_path/Frameworks @loader_path/Frameworks";
				PRODUCT_NAME = "$(TARGET_NAME)";
				TEST_HOST = "$(BUILT_PRODUCTS_DIR)/高仿美团HD.app/高仿美团HD";
			};
			name = Release;
		};
/* End XCBuildConfiguration section */

/* Begin XCConfigurationList section */
		7FE06D201B4F55BE006403F3 /* Build configuration list for PBXProject "高仿美团HD" */ = {
			isa = XCConfigurationList;
			buildConfigurations = (
				7FE06D461B4F55BE006403F3 /* Debug */,
				7FE06D471B4F55BE006403F3 /* Release */,
			);
			defaultConfigurationIsVisible = 0;
			defaultConfigurationName = Release;
		};
		7FE06D481B4F55BE006403F3 /* Build configuration list for PBXNativeTarget "高仿美团HD" */ = {
			isa = XCConfigurationList;
			buildConfigurations = (
				7FE06D491B4F55BE006403F3 /* Debug */,
				7FE06D4A1B4F55BE006403F3 /* Release */,
			);
			defaultConfigurationIsVisible = 0;
			defaultConfigurationName = Release;
		};
		7FE06D4B1B4F55BE006403F3 /* Build configuration list for PBXNativeTarget "高仿美团HDTests" */ = {
			isa = XCConfigurationList;
			buildConfigurations = (
				7FE06D4C1B4F55BE006403F3 /* Debug */,
				7FE06D4D1B4F55BE006403F3 /* Release */,
			);
			defaultConfigurationIsVisible = 0;
			defaultConfigurationName = Release;
		};
/* End XCConfigurationList section */
	};
	rootObject = 7FE06D1D1B4F55BE006403F3 /* Project object */;
}
